{
  "version": 4,
  "terraform_version": "1.14.8",
  "serial": 98,
  "lineage": "19704128-7a4a-a24b-b81c-b47954e3fc21",
  "outputs": {
    "alb_dns_name": {
      "value": "winky-alb-175728965.us-east-1.elb.amazonaws.com",
      "type": "string"
    },
    "ecr_repository_url": {
      "value": "760831300954.dkr.ecr.us-east-1.amazonaws.com/winky-backend",
      "type": "string"
    },
    "ecs_cluster_name": {
      "value": "winky-cluster",
      "type": "string"
    },
    "private_subnet_ids": {
      "value": [
        "subnet-06b20f5ee10b1badf",
        "subnet-07ac7879f5c1029e1"
      ],
      "type": [
        "tuple",
        [
          "string",
          "string"
        ]
      ]
    },
    "public_subnet_ids": {
      "value": [
        "subnet-03b3d8f67dcb7798a",
        "subnet-0df7bcd3db1023e62"
      ],
      "type": [
        "tuple",
        [
          "string",
          "string"
        ]
      ]
    },
    "redis_endpoint": {
      "value": "winky-redis.j6vato.0001.use1.cache.amazonaws.com",
      "type": "string"
    },
    "redis_port": {
      "value": 6379,
      "type": "number"
    },
    "secret_arns": {
      "value": {
        "app": "arn:aws:secretsmanager:us-east-1:760831300954:secret:winky/production/app-d7f8dM",
        "db": "arn:aws:secretsmanager:us-east-1:760831300954:secret:winky/production/db-uktyhT",
        "google": "arn:aws:secretsmanager:us-east-1:760831300954:secret:winky/production/google-cwQiFY",
        "push": "arn:aws:secretsmanager:us-east-1:760831300954:secret:winky/production/push-X513pL",
        "twilio": "arn:aws:secretsmanager:us-east-1:760831300954:secret:winky/production/twilio-19kUGN"
      },
      "type": [
        "object",
        {
          "app": "string",
          "db": "string",
          "google": "string",
          "push": "string",
          "twilio": "string"
        }
      ]
    },
    "sg_alb_id": {
      "value": "sg-0bfa14c7b3d757f67",
      "type": "string"
    },
    "sg_ecs_id": {
      "value": "sg-07d143edbe7aac1c6",
      "type": "string"
    },
    "sg_redis_id": {
      "value": "sg-0912c80991ce691a1",
      "type": "string"
    },
    "vpc_id": {
      "value": "vpc-0421845c922c8b3e8",
      "type": "string"
    }
  },
  "resources": [
    {
      "mode": "data",
      "type": "aws_caller_identity",
      "name": "current",
      "provider": "provider[\"registry.terraform.io/hashicorp/aws\"]",
      "instances": [
        {
          "schema_version": 0,
          "attributes": {
            "account_id": "760831300954",
            "arn": "arn:aws:iam::760831300954:user/zootch-chat-admin",
            "id": "760831300954",
            "user_id": "AIDA3CJIUKVNM2M25G3KM"
          },
          "sensitive_attributes": [],
          "identity_schema_version": 0
        }
      ]
    },
    {
      "mode": "data",
      "type": "aws_route53_zone",
      "name": "main",
      "provider": "provider[\"registry.terraform.io/hashicorp/aws\"]",
      "instances": [
        {
          "schema_version": 0,
          "attributes": {
            "arn": "arn:aws:route53:::hostedzone/Z090880818F7QVPR9P7T0",
            "caller_reference": "59af6053-c416-4bec-a50c-c6e642b34b83",
            "comment": "",
            "id": "Z090880818F7QVPR9P7T0",
            "linked_service_description": null,
            "linked_service_principal": null,
            "name": "winky.com",
            "name_servers": [
              "ns-1483.awsdns-57.org",
              "ns-939.awsdns-53.net",
              "ns-259.awsdns-32.com",
              "ns-1618.awsdns-10.co.uk"
            ],
            "primary_name_server": "ns-1483.awsdns-57.org",
            "private_zone": false,
            "resource_record_set_count": 18,
            "tags": {},
            "vpc_id": null,
            "zone_id": "Z090880818F7QVPR9P7T0"
          },
          "sensitive_attributes": [],
          "identity_schema_version": 0
        }
      ]
    },
    {
      "mode": "data",
      "type": "aws_secretsmanager_secret_version",
      "name": "ops",
      "provider": "provider[\"registry.terraform.io/hashicorp/aws\"]",
      "instances": [
        {
          "schema_version": 0,
          "attributes": {
            "arn": "arn:aws:secretsmanager:us-east-1:760831300954:secret:winky/production/ops-3iZsQh",
            "created_date": "2026-04-17T18:44:13Z",
            "id": "arn:aws:secretsmanager:us-east-1:760831300954:secret:winky/production/ops-3iZsQh|AWSCURRENT",
            "secret_binary": "",
            "secret_id": "arn:aws:secretsmanager:us-east-1:760831300954:secret:winky/production/ops-3iZsQh",
            "secret_string": "{\"ALERT_EMAIL\":\"REPLACE_ME\"}",
            "version_id": "terraform-20260417184413569400000002",
            "version_stage": "AWSCURRENT",
            "version_stages": [
              "AWSCURRENT"
            ]
          },
          "sensitive_attributes": [
            [
              {
                "type": "get_attr",
                "value": "secret_binary"
              }
            ],
            [
              {
                "type": "get_attr",
                "value": "secret_string"
              }
            ]
          ],
          "identity_schema_version": 0
        }
      ]
    },
    {
      "mode": "managed",
      "type": "aws_acm_certificate",
      "name": "api",
      "provider": "provider[\"registry.terraform.io/hashicorp/aws\"]",
      "instances": [
        {
          "schema_version": 0,
          "attributes": {
            "arn": "arn:aws:acm:us-east-1:760831300954:certificate/1ab48a71-030c-4812-94fc-28c376db6d51",
            "certificate_authority_arn": "",
            "certificate_body": null,
            "certificate_chain": null,
            "domain_name": "service.winky.com",
            "domain_validation_options": [
              {
                "domain_name": "service.winky.com",
                "resource_record_name": "_2d9a44e6f2ac3e89f38c452d9004c07a.service.winky.com.",
                "resource_record_type": "CNAME",
                "resource_record_value": "_4d4a62318020169da5ca43184f157fe7.jkddzztszm.acm-validations.aws."
              }
            ],
            "early_renewal_duration": "",
            "id": "arn:aws:acm:us-east-1:760831300954:certificate/1ab48a71-030c-4812-94fc-28c376db6d51",
            "key_algorithm": "RSA_2048",
            "not_after": "2026-10-31T23:59:59Z",
            "not_before": "2026-04-17T00:00:00Z",
            "options": [
              {
                "certificate_transparency_logging_preference": "ENABLED"
              }
            ],
            "pending_renewal": false,
            "private_key": null,
            "renewal_eligibility": "ELIGIBLE",
            "renewal_summary": [],
            "status": "ISSUED",
            "subject_alternative_names": [
              "service.winky.com"
            ],
            "tags": {
              "Name": "winky-cert"
            },
            "tags_all": {
              "Environment": "production",
              "ManagedBy": "terraform",
              "Name": "winky-cert",
              "Project": "winky"
            },
            "type": "AMAZON_ISSUED",
            "validation_emails": [],
            "validation_method": "DNS",
            "validation_option": []
          },
          "sensitive_attributes": [
            [
              {
                "type": "get_attr",
                "value": "private_key"
              }
            ]
          ],
          "identity_schema_version": 0,
          "private": "bnVsbA==",
          "create_before_destroy": true
        }
      ]
    },
    {
      "mode": "managed",
      "type": "aws_acm_certificate_validation",
      "name": "api",
      "provider": "provider[\"registry.terraform.io/hashicorp/aws\"]",
      "instances": [
        {
          "schema_version": 0,
          "attributes": {
            "certificate_arn": "arn:aws:acm:us-east-1:760831300954:certificate/1ab48a71-030c-4812-94fc-28c376db6d51",
            "id": "2026-04-17 18:38:34.985 +0000 UTC",
            "timeouts": null,
            "validation_record_fqdns": [
              "_2d9a44e6f2ac3e89f38c452d9004c07a.service.winky.com"
            ]
          },
          "sensitive_attributes": [],
          "identity_schema_version": 0,
          "private": "eyJlMmJmYjczMC1lY2FhLTExZTYtOGY4OC0zNDM2M2JjN2M0YzAiOnsiY3JlYXRlIjo0NTAwMDAwMDAwMDAwfX0=",
          "dependencies": [
            "aws_acm_certificate.api",
            "aws_route53_record.cert_validation",
            "data.aws_route53_zone.main"
          ]
        }
      ]
    },
    {
      "mode": "managed",
      "type": "aws_appautoscaling_policy",
      "name": "cpu",
      "provider": "provider[\"registry.terraform.io/hashicorp/aws\"]",
      "instances": [
        {
          "schema_version": 0,
          "attributes": {
            "alarm_arns": [
              "arn:aws:cloudwatch:us-east-1:760831300954:alarm:TargetTracking-service/winky-cluster/winky-service-AlarmHigh-ea8e489d-fc5e-42fa-95c8-5821afdcc05b",
              "arn:aws:cloudwatch:us-east-1:760831300954:alarm:TargetTracking-service/winky-cluster/winky-service-AlarmLow-d7070e73-0276-4e63-ba50-5ee2381411f9"
            ],
            "arn": "arn:aws:autoscaling:us-east-1:760831300954:scalingPolicy:6556857e-50f0-4b0b-bc6e-6a8dcb9cde00:resource/ecs/service/winky-cluster/winky-service:policyName/winky-scale-cpu",
            "id": "winky-scale-cpu",
            "name": "winky-scale-cpu",
            "policy_type": "TargetTrackingScaling",
            "resource_id": "service/winky-cluster/winky-service",
            "scalable_dimension": "ecs:service:DesiredCount",
            "service_namespace": "ecs",
            "step_scaling_policy_configuration": [],
            "target_tracking_scaling_policy_configuration": [
              {
                "customized_metric_specification": [],
                "disable_scale_in": false,
                "predefined_metric_specification": [
                  {
                    "predefined_metric_type": "ECSServiceAverageCPUUtilization",
                    "resource_label": ""
                  }
                ],
                "scale_in_cooldown": 300,
                "scale_out_cooldown": 60,
                "target_value": 60
              }
            ]
          },
          "sensitive_attributes": [],
          "identity_schema_version": 0,
          "private": "bnVsbA==",
          "dependencies": [
            "aws_appautoscaling_target.ecs",
            "aws_cloudwatch_log_group.app",
            "aws_ecr_repository.app",
            "aws_ecs_cluster.main",
            "aws_ecs_service.app",
            "aws_ecs_task_definition.app",
            "aws_elasticache_cluster.redis",
            "aws_elasticache_subnet_group.redis",
            "aws_iam_role.ecs_execution",
            "aws_iam_role.ecs_task",
            "aws_iam_role_policy_attachment.ecs_execution_managed",
            "aws_lb.main",
            "aws_lb_listener.http",
            "aws_lb_target_group.app",
            "aws_secretsmanager_secret.app",
            "aws_secretsmanager_secret.db",
            "aws_secretsmanager_secret.push",
            "aws_secretsmanager_secret.twilio",
            "aws_security_group.alb",
            "aws_security_group.ecs",
            "aws_security_group.redis",
            "aws_subnet.private",
            "aws_subnet.public",
            "aws_vpc.main"
          ]
        }
      ]
    },
    {
      "mode": "managed",
      "type": "aws_appautoscaling_policy",
      "name": "memory",
      "provider": "provider[\"registry.terraform.io/hashicorp/aws\"]",
      "instances": [
        {
          "schema_version": 0,
          "attributes": {
            "alarm_arns": [
              "arn:aws:cloudwatch:us-east-1:760831300954:alarm:TargetTracking-service/winky-cluster/winky-service-AlarmHigh-e9895e77-f732-4f82-9ca8-b6d65df93360",
              "arn:aws:cloudwatch:us-east-1:760831300954:alarm:TargetTracking-service/winky-cluster/winky-service-AlarmLow-26133a65-ab7e-4d3b-8bbb-a7719f9dee84"
            ],
            "arn": "arn:aws:autoscaling:us-east-1:760831300954:scalingPolicy:6556857e-50f0-4b0b-bc6e-6a8dcb9cde00:resource/ecs/service/winky-cluster/winky-service:policyName/winky-scale-memory",
            "id": "winky-scale-memory",
            "name": "winky-scale-memory",
            "policy_type": "TargetTrackingScaling",
            "resource_id": "service/winky-cluster/winky-service",
            "scalable_dimension": "ecs:service:DesiredCount",
            "service_namespace": "ecs",
            "step_scaling_policy_configuration": [],
            "target_tracking_scaling_policy_configuration": [
              {
                "customized_metric_specification": [],
                "disable_scale_in": false,
                "predefined_metric_specification": [
                  {
                    "predefined_metric_type": "ECSServiceAverageMemoryUtilization",
                    "resource_label": ""
                  }
                ],
                "scale_in_cooldown": 300,
                "scale_out_cooldown": 60,
                "target_value": 70
              }
            ]
          },
          "sensitive_attributes": [],
          "identity_schema_version": 0,
          "private": "bnVsbA==",
          "dependencies": [
            "aws_appautoscaling_target.ecs",
            "aws_cloudwatch_log_group.app",
            "aws_ecr_repository.app",
            "aws_ecs_cluster.main",
            "aws_ecs_service.app",
            "aws_ecs_task_definition.app",
            "aws_elasticache_cluster.redis",
            "aws_elasticache_subnet_group.redis",
            "aws_iam_role.ecs_execution",
            "aws_iam_role.ecs_task",
            "aws_iam_role_policy_attachment.ecs_execution_managed",
            "aws_lb.main",
            "aws_lb_listener.http",
            "aws_lb_target_group.app",
            "aws_secretsmanager_secret.app",
            "aws_secretsmanager_secret.db",
            "aws_secretsmanager_secret.push",
            "aws_secretsmanager_secret.twilio",
            "aws_security_group.alb",
            "aws_security_group.ecs",
            "aws_security_group.redis",
            "aws_subnet.private",
            "aws_subnet.public",
            "aws_vpc.main"
          ]
        }
      ]
    },
    {
      "mode": "managed",
      "type": "aws_appautoscaling_target",
      "name": "ecs",
      "provider": "provider[\"registry.terraform.io/hashicorp/aws\"]",
      "instances": [
        {
          "schema_version": 0,
          "attributes": {
            "arn": "arn:aws:application-autoscaling:us-east-1:760831300954:scalable-target/0ec56556857e50f04b0bbc6e6a8dcb9cde00",
            "id": "service/winky-cluster/winky-service",
            "max_capacity": 4,
            "min_capacity": 1,
            "resource_id": "service/winky-cluster/winky-service",
            "role_arn": "arn:aws:iam::760831300954:role/aws-service-role/ecs.application-autoscaling.amazonaws.com/AWSServiceRoleForApplicationAutoScaling_ECSService",
            "scalable_dimension": "ecs:service:DesiredCount",
            "service_namespace": "ecs",
            "suspended_state": [
              {
                "dynamic_scaling_in_suspended": false,
                "dynamic_scaling_out_suspended": false,
                "scheduled_scaling_suspended": false
              }
            ],
            "tags": {},
            "tags_all": {
              "Environment": "production",
              "ManagedBy": "terraform",
              "Project": "winky"
            }
          },
          "sensitive_attributes": [],
          "identity_schema_version": 0,
          "private": "bnVsbA==",
          "dependencies": [
            "aws_cloudwatch_log_group.app",
            "aws_ecr_repository.app",
            "aws_ecs_cluster.main",
            "aws_ecs_service.app",
            "aws_ecs_task_definition.app",
            "aws_elasticache_cluster.redis",
            "aws_elasticache_subnet_group.redis",
            "aws_iam_role.ecs_execution",
            "aws_iam_role.ecs_task",
            "aws_iam_role_policy_attachment.ecs_execution_managed",
            "aws_lb.main",
            "aws_lb_listener.http",
            "aws_lb_target_group.app",
            "aws_secretsmanager_secret.app",
            "aws_secretsmanager_secret.db",
            "aws_secretsmanager_secret.push",
            "aws_secretsmanager_secret.twilio",
            "aws_security_group.alb",
            "aws_security_group.ecs",
            "aws_security_group.redis",
            "aws_subnet.private",
            "aws_subnet.public",
            "aws_vpc.main"
          ]
        }
      ]
    },
    {
      "mode": "managed",
      "type": "aws_cloudwatch_log_group",
      "name": "app",
      "provider": "provider[\"registry.terraform.io/hashicorp/aws\"]",
      "instances": [
        {
          "schema_version": 0,
          "attributes": {
            "arn": "arn:aws:logs:us-east-1:760831300954:log-group:/ecs/winky",
            "id": "/ecs/winky",
            "kms_key_id": "",
            "log_group_class": "STANDARD",
            "name": "/ecs/winky",
            "name_prefix": "",
            "retention_in_days": 14,
            "skip_destroy": false,
            "tags": {
              "Name": "winky-logs"
            },
            "tags_all": {
              "Environment": "production",
              "ManagedBy": "terraform",
              "Name": "winky-logs",
              "Project": "winky"
            }
          },
          "sensitive_attributes": [],
          "identity_schema_version": 0,
          "private": "bnVsbA=="
        }
      ]
    },
    {
      "mode": "managed",
      "type": "aws_cloudwatch_metric_alarm",
      "name": "alb_5xx",
      "provider": "provider[\"registry.terraform.io/hashicorp/aws\"]",
      "instances": [
        {
          "schema_version": 1,
          "attributes": {
            "actions_enabled": true,
            "alarm_actions": [
              "arn:aws:sns:us-east-1:760831300954:winky-alarms"
            ],
            "alarm_description": "ALB returning 5xx errors",
            "alarm_name": "winky-alb-5xx",
            "arn": "arn:aws:cloudwatch:us-east-1:760831300954:alarm:winky-alb-5xx",
            "comparison_operator": "GreaterThanThreshold",
            "datapoints_to_alarm": 0,
            "dimensions": {
              "LoadBalancer": "app/winky-alb/4adf5eb1d39bee64"
            },
            "evaluate_low_sample_count_percentiles": "",
            "evaluation_periods": 1,
            "extended_statistic": "",
            "id": "winky-alb-5xx",
            "insufficient_data_actions": [],
            "metric_name": "HTTPCode_Target_5XX_Count",
            "metric_query": [],
            "namespace": "AWS/ApplicationELB",
            "ok_actions": [
              "arn:aws:sns:us-east-1:760831300954:winky-alarms"
            ],
            "period": 60,
            "statistic": "Sum",
            "tags": {},
            "tags_all": {
              "Environment": "production",
              "ManagedBy": "terraform",
              "Project": "winky"
            },
            "threshold": 10,
            "threshold_metric_id": "",
            "treat_missing_data": "notBreaching",
            "unit": ""
          },
          "sensitive_attributes": [],
          "identity_schema_version": 0,
          "private": "eyJzY2hlbWFfdmVyc2lvbiI6IjEifQ==",
          "dependencies": [
            "aws_lb.main",
            "aws_security_group.alb",
            "aws_sns_topic.alarms",
            "aws_subnet.public",
            "aws_vpc.main"
          ]
        }
      ]
    },
    {
      "mode": "managed",
      "type": "aws_cloudwatch_metric_alarm",
      "name": "alb_unhealthy_hosts",
      "provider": "provider[\"registry.terraform.io/hashicorp/aws\"]",
      "instances": [
        {
          "schema_version": 1,
          "attributes": {
            "actions_enabled": true,
            "alarm_actions": [
              "arn:aws:sns:us-east-1:760831300954:winky-alarms"
            ],
            "alarm_description": "No healthy ECS tasks behind the ALB",
            "alarm_name": "winky-alb-unhealthy-hosts",
            "arn": "arn:aws:cloudwatch:us-east-1:760831300954:alarm:winky-alb-unhealthy-hosts",
            "comparison_operator": "LessThanThreshold",
            "datapoints_to_alarm": 0,
            "dimensions": {
              "LoadBalancer": "app/winky-alb/4adf5eb1d39bee64",
              "TargetGroup": "targetgroup/winky-tg/64ed4912acd9f03b"
            },
            "evaluate_low_sample_count_percentiles": "",
            "evaluation_periods": 1,
            "extended_statistic": "",
            "id": "winky-alb-unhealthy-hosts",
            "insufficient_data_actions": [],
            "metric_name": "HealthyHostCount",
            "metric_query": [],
            "namespace": "AWS/ApplicationELB",
            "ok_actions": [
              "arn:aws:sns:us-east-1:760831300954:winky-alarms"
            ],
            "period": 60,
            "statistic": "Minimum",
            "tags": {},
            "tags_all": {
              "Environment": "production",
              "ManagedBy": "terraform",
              "Project": "winky"
            },
            "threshold": 1,
            "threshold_metric_id": "",
            "treat_missing_data": "breaching",
            "unit": ""
          },
          "sensitive_attributes": [],
          "identity_schema_version": 0,
          "private": "eyJzY2hlbWFfdmVyc2lvbiI6IjEifQ==",
          "dependencies": [
            "aws_lb.main",
            "aws_lb_target_group.app",
            "aws_security_group.alb",
            "aws_sns_topic.alarms",
            "aws_subnet.public",
            "aws_vpc.main"
          ]
        }
      ]
    },
    {
      "mode": "managed",
      "type": "aws_cloudwatch_metric_alarm",
      "name": "ecs_cpu_high",
      "provider": "provider[\"registry.terraform.io/hashicorp/aws\"]",
      "instances": [
        {
          "schema_version": 1,
          "attributes": {
            "actions_enabled": true,
            "alarm_actions": [
              "arn:aws:sns:us-east-1:760831300954:winky-alarms"
            ],
            "alarm_description": "ECS CPU usage above 80% for 5 minutes",
            "alarm_name": "winky-ecs-cpu-high",
            "arn": "arn:aws:cloudwatch:us-east-1:760831300954:alarm:winky-ecs-cpu-high",
            "comparison_operator": "GreaterThanThreshold",
            "datapoints_to_alarm": 0,
            "dimensions": {
              "ClusterName": "winky-cluster",
              "ServiceName": "winky-service"
            },
            "evaluate_low_sample_count_percentiles": "",
            "evaluation_periods": 2,
            "extended_statistic": "",
            "id": "winky-ecs-cpu-high",
            "insufficient_data_actions": [],
            "metric_name": "CPUUtilization",
            "metric_query": [],
            "namespace": "AWS/ECS",
            "ok_actions": [
              "arn:aws:sns:us-east-1:760831300954:winky-alarms"
            ],
            "period": 300,
            "statistic": "Average",
            "tags": {},
            "tags_all": {
              "Environment": "production",
              "ManagedBy": "terraform",
              "Project": "winky"
            },
            "threshold": 80,
            "threshold_metric_id": "",
            "treat_missing_data": "notBreaching",
            "unit": ""
          },
          "sensitive_attributes": [],
          "identity_schema_version": 0,
          "private": "eyJzY2hlbWFfdmVyc2lvbiI6IjEifQ==",
          "dependencies": [
            "aws_cloudwatch_log_group.app",
            "aws_ecr_repository.app",
            "aws_ecs_cluster.main",
            "aws_ecs_service.app",
            "aws_ecs_task_definition.app",
            "aws_elasticache_cluster.redis",
            "aws_elasticache_subnet_group.redis",
            "aws_iam_role.ecs_execution",
            "aws_iam_role.ecs_task",
            "aws_iam_role_policy_attachment.ecs_execution_managed",
            "aws_lb.main",
            "aws_lb_listener.http",
            "aws_lb_target_group.app",
            "aws_secretsmanager_secret.app",
            "aws_secretsmanager_secret.db",
            "aws_secretsmanager_secret.push",
            "aws_secretsmanager_secret.twilio",
            "aws_security_group.alb",
            "aws_security_group.ecs",
            "aws_security_group.redis",
            "aws_sns_topic.alarms",
            "aws_subnet.private",
            "aws_subnet.public",
            "aws_vpc.main"
          ]
        }
      ]
    },
    {
      "mode": "managed",
      "type": "aws_cloudwatch_metric_alarm",
      "name": "ecs_memory_high",
      "provider": "provider[\"registry.terraform.io/hashicorp/aws\"]",
      "instances": [
        {
          "schema_version": 1,
          "attributes": {
            "actions_enabled": true,
            "alarm_actions": [
              "arn:aws:sns:us-east-1:760831300954:winky-alarms"
            ],
            "alarm_description": "ECS memory usage above 80% for 5 minutes",
            "alarm_name": "winky-ecs-memory-high",
            "arn": "arn:aws:cloudwatch:us-east-1:760831300954:alarm:winky-ecs-memory-high",
            "comparison_operator": "GreaterThanThreshold",
            "datapoints_to_alarm": 0,
            "dimensions": {
              "ClusterName": "winky-cluster",
              "ServiceName": "winky-service"
            },
            "evaluate_low_sample_count_percentiles": "",
            "evaluation_periods": 2,
            "extended_statistic": "",
            "id": "winky-ecs-memory-high",
            "insufficient_data_actions": [],
            "metric_name": "MemoryUtilization",
            "metric_query": [],
            "namespace": "AWS/ECS",
            "ok_actions": [
              "arn:aws:sns:us-east-1:760831300954:winky-alarms"
            ],
            "period": 300,
            "statistic": "Average",
            "tags": {},
            "tags_all": {
              "Environment": "production",
              "ManagedBy": "terraform",
              "Project": "winky"
            },
            "threshold": 80,
            "threshold_metric_id": "",
            "treat_missing_data": "notBreaching",
            "unit": ""
          },
          "sensitive_attributes": [],
          "identity_schema_version": 0,
          "private": "eyJzY2hlbWFfdmVyc2lvbiI6IjEifQ==",
          "dependencies": [
            "aws_cloudwatch_log_group.app",
            "aws_ecr_repository.app",
            "aws_ecs_cluster.main",
            "aws_ecs_service.app",
            "aws_ecs_task_definition.app",
            "aws_elasticache_cluster.redis",
            "aws_elasticache_subnet_group.redis",
            "aws_iam_role.ecs_execution",
            "aws_iam_role.ecs_task",
            "aws_iam_role_policy_attachment.ecs_execution_managed",
            "aws_lb.main",
            "aws_lb_listener.http",
            "aws_lb_target_group.app",
            "aws_secretsmanager_secret.app",
            "aws_secretsmanager_secret.db",
            "aws_secretsmanager_secret.push",
            "aws_secretsmanager_secret.twilio",
            "aws_security_group.alb",
            "aws_security_group.ecs",
            "aws_security_group.redis",
            "aws_sns_topic.alarms",
            "aws_subnet.private",
            "aws_subnet.public",
            "aws_vpc.main"
          ]
        }
      ]
    },
    {
      "mode": "managed",
      "type": "aws_ecr_lifecycle_policy",
      "name": "app",
      "provider": "provider[\"registry.terraform.io/hashicorp/aws\"]",
      "instances": [
        {
          "schema_version": 0,
          "attributes": {
            "id": "winky-backend",
            "policy": "{\"rules\":[{\"action\":{\"type\":\"expire\"},\"description\":\"Remove untagged images after 7 days\",\"rulePriority\":1,\"selection\":{\"countNumber\":7,\"countType\":\"sinceImagePushed\",\"countUnit\":\"days\",\"tagStatus\":\"untagged\"}},{\"action\":{\"type\":\"expire\"},\"description\":\"Keep last 10 tagged images\",\"rulePriority\":2,\"selection\":{\"countNumber\":10,\"countType\":\"imageCountMoreThan\",\"tagPrefixList\":[\"v\",\"sha-\"],\"tagStatus\":\"tagged\"}}]}",
            "registry_id": "760831300954",
            "repository": "winky-backend"
          },
          "sensitive_attributes": [],
          "identity_schema_version": 0,
          "private": "bnVsbA==",
          "dependencies": [
            "aws_ecr_repository.app"
          ]
        }
      ]
    },
    {
      "mode": "managed",
      "type": "aws_ecr_repository",
      "name": "app",
      "provider": "provider[\"registry.terraform.io/hashicorp/aws\"]",
      "instances": [
        {
          "schema_version": 0,
          "attributes": {
            "arn": "arn:aws:ecr:us-east-1:760831300954:repository/winky-backend",
            "encryption_configuration": [
              {
                "encryption_type": "AES256",
                "kms_key": ""
              }
            ],
            "force_delete": null,
            "id": "winky-backend",
            "image_scanning_configuration": [
              {
                "scan_on_push": true
              }
            ],
            "image_tag_mutability": "MUTABLE",
            "name": "winky-backend",
            "registry_id": "760831300954",
            "repository_url": "760831300954.dkr.ecr.us-east-1.amazonaws.com/winky-backend",
            "tags": {
              "Name": "winky-backend"
            },
            "tags_all": {
              "Environment": "production",
              "ManagedBy": "terraform",
              "Name": "winky-backend",
              "Project": "winky"
            },
            "timeouts": null
          },
          "sensitive_attributes": [],
          "identity_schema_version": 0,
          "private": "eyJlMmJmYjczMC1lY2FhLTExZTYtOGY4OC0zNDM2M2JjN2M0YzAiOnsiZGVsZXRlIjoxMjAwMDAwMDAwMDAwfX0="
        }
      ]
    },
    {
      "mode": "managed",
      "type": "aws_ecs_cluster",
      "name": "main",
      "provider": "provider[\"registry.terraform.io/hashicorp/aws\"]",
      "instances": [
        {
          "schema_version": 0,
          "attributes": {
            "arn": "arn:aws:ecs:us-east-1:760831300954:cluster/winky-cluster",
            "configuration": [],
            "id": "arn:aws:ecs:us-east-1:760831300954:cluster/winky-cluster",
            "name": "winky-cluster",
            "service_connect_defaults": [],
            "setting": [
              {
                "name": "containerInsights",
                "value": "disabled"
              }
            ],
            "tags": {
              "Name": "winky-cluster"
            },
            "tags_all": {
              "Environment": "production",
              "ManagedBy": "terraform",
              "Name": "winky-cluster",
              "Project": "winky"
            }
          },
          "sensitive_attributes": [],
          "identity_schema_version": 0,
          "private": "bnVsbA=="
        }
      ]
    },
    {
      "mode": "managed",
      "type": "aws_ecs_service",
      "name": "app",
      "provider": "provider[\"registry.terraform.io/hashicorp/aws\"]",
      "instances": [
        {
          "schema_version": 1,
          "attributes": {
            "alarms": [],
            "availability_zone_rebalancing": "DISABLED",
            "capacity_provider_strategy": [],
            "cluster": "arn:aws:ecs:us-east-1:760831300954:cluster/winky-cluster",
            "deployment_circuit_breaker": [
              {
                "enable": false,
                "rollback": false
              }
            ],
            "deployment_controller": [
              {
                "type": "ECS"
              }
            ],
            "deployment_maximum_percent": 200,
            "deployment_minimum_healthy_percent": 100,
            "desired_count": 1,
            "enable_ecs_managed_tags": false,
            "enable_execute_command": false,
            "force_delete": null,
            "force_new_deployment": null,
            "health_check_grace_period_seconds": 60,
            "iam_role": "/aws-service-role/ecs.amazonaws.com/AWSServiceRoleForECS",
            "id": "arn:aws:ecs:us-east-1:760831300954:service/winky-cluster/winky-service",
            "launch_type": "FARGATE",
            "load_balancer": [
              {
                "container_name": "winky-app",
                "container_port": 3000,
                "elb_name": "",
                "target_group_arn": "arn:aws:elasticloadbalancing:us-east-1:760831300954:targetgroup/winky-tg/64ed4912acd9f03b"
              }
            ],
            "name": "winky-service",
            "network_configuration": [
              {
                "assign_public_ip": true,
                "security_groups": [
                  "sg-07d143edbe7aac1c6"
                ],
                "subnets": [
                  "subnet-03b3d8f67dcb7798a",
                  "subnet-0df7bcd3db1023e62"
                ]
              }
            ],
            "ordered_placement_strategy": [],
            "placement_constraints": [],
            "platform_version": "LATEST",
            "propagate_tags": "NONE",
            "scheduling_strategy": "REPLICA",
            "service_connect_configuration": [],
            "service_registries": [],
            "tags": {
              "Name": "winky-service"
            },
            "tags_all": {
              "Environment": "production",
              "ManagedBy": "terraform",
              "Name": "winky-service",
              "Project": "winky"
            },
            "task_definition": "arn:aws:ecs:us-east-1:760831300954:task-definition/winky-app:1",
            "timeouts": null,
            "triggers": {},
            "volume_configuration": [],
            "vpc_lattice_configurations": [],
            "wait_for_steady_state": false
          },
          "sensitive_attributes": [],
          "identity_schema_version": 0,
          "private": "eyJlMmJmYjczMC1lY2FhLTExZTYtOGY4OC0zNDM2M2JjN2M0YzAiOnsiY3JlYXRlIjoxMjAwMDAwMDAwMDAwLCJkZWxldGUiOjEyMDAwMDAwMDAwMDAsInVwZGF0ZSI6MTIwMDAwMDAwMDAwMH0sInNjaGVtYV92ZXJzaW9uIjoiMSJ9",
          "dependencies": [
            "aws_cloudwatch_log_group.app",
            "aws_ecr_repository.app",
            "aws_ecs_cluster.main",
            "aws_ecs_task_definition.app",
            "aws_elasticache_cluster.redis",
            "aws_elasticache_subnet_group.redis",
            "aws_iam_role.ecs_execution",
            "aws_iam_role.ecs_task",
            "aws_iam_role_policy_attachment.ecs_execution_managed",
            "aws_lb.main",
            "aws_lb_listener.http",
            "aws_lb_target_group.app",
            "aws_secretsmanager_secret.app",
            "aws_secretsmanager_secret.db",
            "aws_secretsmanager_secret.push",
            "aws_secretsmanager_secret.twilio",
            "aws_security_group.alb",
            "aws_security_group.ecs",
            "aws_security_group.redis",
            "aws_subnet.private",
            "aws_subnet.public",
            "aws_vpc.main"
          ]
        }
      ]
    },
    {
      "mode": "managed",
      "type": "aws_ecs_task_definition",
      "name": "app",
      "provider": "provider[\"registry.terraform.io/hashicorp/aws\"]",
      "instances": [
        {
          "schema_version": 1,
          "attributes": {
            "arn": "arn:aws:ecs:us-east-1:760831300954:task-definition/winky-app:1",
            "arn_without_revision": "arn:aws:ecs:us-east-1:760831300954:task-definition/winky-app",
            "container_definitions": "[{\"environment\":[{\"name\":\"AWS_BUCKET_NAME\",\"value\":\"winky-chat\"},{\"name\":\"AWS_REGION\",\"value\":\"us-east-1\"},{\"name\":\"ENV_NAME\",\"value\":\"production\"},{\"name\":\"HEARTBEAT_INTERVAL\",\"value\":\"27000\"},{\"name\":\"HEARTBEAT_TIMEOUT\",\"value\":\"40000\"},{\"name\":\"MONGO_DB_NAME\",\"value\":\"winky\"},{\"name\":\"PORT\",\"value\":\"3000\"},{\"name\":\"REDIS_HOST\",\"value\":\"winky-redis.j6vato.0001.use1.cache.amazonaws.com\"},{\"name\":\"REDIS_PORT\",\"value\":\"6379\"},{\"name\":\"UPGRADE_TIMEOUT\",\"value\":\"30000\"}],\"essential\":true,\"image\":\"760831300954.dkr.ecr.us-east-1.amazonaws.com/winky-backend:latest\",\"logConfiguration\":{\"logDriver\":\"awslogs\",\"options\":{\"awslogs-stream-prefix\":\"ecs\",\"awslogs-group\":\"/ecs/winky\",\"awslogs-region\":\"us-east-1\"}},\"mountPoints\":[],\"name\":\"winky-app\",\"portMappings\":[{\"containerPort\":3000,\"hostPort\":3000,\"protocol\":\"tcp\"}],\"secrets\":[{\"name\":\"APP_SECRET\",\"valueFrom\":\"arn:aws:secretsmanager:us-east-1:760831300954:secret:winky/production/app-d7f8dM:APP_SECRET::\"},{\"name\":\"APP_SECRET_REFRESH\",\"valueFrom\":\"arn:aws:secretsmanager:us-east-1:760831300954:secret:winky/production/app-d7f8dM:APP_SECRET_REFRESH::\"},{\"name\":\"CLIENT_JWT_BASE_SECRET\",\"valueFrom\":\"arn:aws:secretsmanager:us-east-1:760831300954:secret:winky/production/app-d7f8dM:CLIENT_JWT_BASE_SECRET::\"},{\"name\":\"CORS_ORIGIN\",\"valueFrom\":\"arn:aws:secretsmanager:us-east-1:760831300954:secret:winky/production/app-d7f8dM:CORS_ORIGIN::\"},{\"name\":\"GCM_SERVER_ID\",\"valueFrom\":\"arn:aws:secretsmanager:us-east-1:760831300954:secret:winky/production/push-X513pL:GCM_SERVER_ID::\"},{\"name\":\"IOS_BUNDLE\",\"valueFrom\":\"arn:aws:secretsmanager:us-east-1:760831300954:secret:winky/production/push-X513pL:IOS_BUNDLE::\"},{\"name\":\"IOS_KEY_TOKEN\",\"valueFrom\":\"arn:aws:secretsmanager:us-east-1:760831300954:secret:winky/production/push-X513pL:IOS_KEY_TOKEN::\"},{\"name\":\"IOS_TEAM_ID\",\"valueFrom\":\"arn:aws:secretsmanager:us-east-1:760831300954:secret:winky/production/push-X513pL:IOS_TEAM_ID::\"},{\"name\":\"MONGO_HOST\",\"valueFrom\":\"arn:aws:secretsmanager:us-east-1:760831300954:secret:winky/production/db-uktyhT:MONGO_HOST::\"},{\"name\":\"OTP_CLIENT_KEY_CODE\",\"valueFrom\":\"arn:aws:secretsmanager:us-east-1:760831300954:secret:winky/production/app-d7f8dM:OTP_CLIENT_KEY_CODE::\"},{\"name\":\"OTP_GLOBAL_HOURLY_LIMIT\",\"valueFrom\":\"arn:aws:secretsmanager:us-east-1:760831300954:secret:winky/production/app-d7f8dM:OTP_GLOBAL_HOURLY_LIMIT::\"},{\"name\":\"OTP_PHONE_HASH_SECRET\",\"valueFrom\":\"arn:aws:secretsmanager:us-east-1:760831300954:secret:winky/production/app-d7f8dM:OTP_PHONE_HASH_SECRET::\"},{\"name\":\"OTP_SIGNATURE_SECRET\",\"valueFrom\":\"arn:aws:secretsmanager:us-east-1:760831300954:secret:winky/production/app-d7f8dM:OTP_SIGNATURE_SECRET::\"},{\"name\":\"PHONE_ENC_KEY_1\",\"valueFrom\":\"arn:aws:secretsmanager:us-east-1:760831300954:secret:winky/production/app-d7f8dM:PHONE_ENC_KEY_1::\"},{\"name\":\"PHONE_ENC_KEY_VERSION\",\"valueFrom\":\"arn:aws:secretsmanager:us-east-1:760831300954:secret:winky/production/app-d7f8dM:PHONE_ENC_KEY_VERSION::\"},{\"name\":\"SECRET\",\"valueFrom\":\"arn:aws:secretsmanager:us-east-1:760831300954:secret:winky/production/app-d7f8dM:SECRET::\"},{\"name\":\"TWILIO_ACCOUNT_SID\",\"valueFrom\":\"arn:aws:secretsmanager:us-east-1:760831300954:secret:winky/production/twilio-19kUGN:TWILIO_ACCOUNT_SID::\"},{\"name\":\"TWILIO_ANDROID_PUSH_CREDENTIAL_SID\",\"valueFrom\":\"arn:aws:secretsmanager:us-east-1:760831300954:secret:winky/production/twilio-19kUGN:TWILIO_ANDROID_PUSH_CREDENTIAL_SID::\"},{\"name\":\"TWILIO_API_KEY\",\"valueFrom\":\"arn:aws:secretsmanager:us-east-1:760831300954:secret:winky/production/twilio-19kUGN:TWILIO_API_KEY::\"},{\"name\":\"TWILIO_API_KEY_SECRET\",\"valueFrom\":\"arn:aws:secretsmanager:us-east-1:760831300954:secret:winky/production/twilio-19kUGN:TWILIO_API_KEY_SECRET::\"},{\"name\":\"TWILIO_APP_SID\",\"valueFrom\":\"arn:aws:secretsmanager:us-east-1:760831300954:secret:winky/production/twilio-19kUGN:TWILIO_APP_SID::\"},{\"name\":\"TWILIO_AUTH_TOKEN\",\"valueFrom\":\"arn:aws:secretsmanager:us-east-1:760831300954:secret:winky/production/twilio-19kUGN:TWILIO_AUTH_TOKEN::\"},{\"name\":\"TWILIO_IOS_PUSH_CREDENTIAL_SID\",\"valueFrom\":\"arn:aws:secretsmanager:us-east-1:760831300954:secret:winky/production/twilio-19kUGN:TWILIO_IOS_PUSH_CREDENTIAL_SID::\"},{\"name\":\"TWILIO_NOTIFICATION_SERVICE_SID\",\"valueFrom\":\"arn:aws:secretsmanager:us-east-1:760831300954:secret:winky/production/twilio-19kUGN:TWILIO_NOTIFICATION_SERVICE_SID::\"},{\"name\":\"TWILIO_PHONE_NUMBER\",\"valueFrom\":\"arn:aws:secretsmanager:us-east-1:760831300954:secret:winky/production/twilio-19kUGN:TWILIO_PHONE_NUMBER::\"}],\"systemControls\":[],\"volumesFrom\":[]}]",
            "cpu": "256",
            "enable_fault_injection": false,
            "ephemeral_storage": [],
            "execution_role_arn": "arn:aws:iam::760831300954:role/winky-ecs-execution-role",
            "family": "winky-app",
            "id": "winky-app",
            "inference_accelerator": [],
            "ipc_mode": "",
            "memory": "512",
            "network_mode": "awsvpc",
            "pid_mode": "",
            "placement_constraints": [],
            "proxy_configuration": [],
            "requires_compatibilities": [
              "FARGATE"
            ],
            "revision": 1,
            "runtime_platform": [],
            "skip_destroy": false,
            "tags": {
              "Name": "winky-task"
            },
            "tags_all": {
              "Environment": "production",
              "ManagedBy": "terraform",
              "Name": "winky-task",
              "Project": "winky"
            },
            "task_role_arn": "arn:aws:iam::760831300954:role/winky-ecs-task-role",
            "track_latest": false,
            "volume": []
          },
          "sensitive_attributes": [],
          "identity_schema_version": 0,
          "private": "eyJzY2hlbWFfdmVyc2lvbiI6IjEifQ==",
          "dependencies": [
            "aws_cloudwatch_log_group.app",
            "aws_ecr_repository.app",
            "aws_elasticache_cluster.redis",
            "aws_elasticache_subnet_group.redis",
            "aws_iam_role.ecs_execution",
            "aws_iam_role.ecs_task",
            "aws_secretsmanager_secret.app",
            "aws_secretsmanager_secret.db",
            "aws_secretsmanager_secret.push",
            "aws_secretsmanager_secret.twilio",
            "aws_security_group.alb",
            "aws_security_group.ecs",
            "aws_security_group.redis",
            "aws_subnet.private",
            "aws_vpc.main"
          ]
        }
      ]
    },
    {
      "mode": "managed",
      "type": "aws_elasticache_cluster",
      "name": "redis",
      "provider": "provider[\"registry.terraform.io/hashicorp/aws\"]",
      "instances": [
        {
          "schema_version": 0,
          "attributes": {
            "apply_immediately": null,
            "arn": "arn:aws:elasticache:us-east-1:760831300954:cluster:winky-redis",
            "auto_minor_version_upgrade": "true",
            "availability_zone": "us-east-1a",
            "az_mode": "single-az",
            "cache_nodes": [
              {
                "address": "winky-redis.j6vato.0001.use1.cache.amazonaws.com",
                "availability_zone": "us-east-1a",
                "id": "0001",
                "outpost_arn": "",
                "port": 6379
              }
            ],
            "cluster_address": null,
            "cluster_id": "winky-redis",
            "configuration_endpoint": null,
            "engine": "redis",
            "engine_version": "7.1",
            "engine_version_actual": "7.1.0",
            "final_snapshot_identifier": null,
            "id": "winky-redis",
            "ip_discovery": "ipv4",
            "log_delivery_configuration": [],
            "maintenance_window": "sun:05:00-sun:06:00",
            "network_type": "ipv4",
            "node_type": "cache.t4g.micro",
            "notification_topic_arn": null,
            "num_cache_nodes": 1,
            "outpost_mode": null,
            "parameter_group_name": "default.redis7",
            "port": 6379,
            "preferred_availability_zones": null,
            "preferred_outpost_arn": "",
            "replication_group_id": "",
            "security_group_ids": [
              "sg-0912c80991ce691a1"
            ],
            "snapshot_arns": null,
            "snapshot_name": null,
            "snapshot_retention_limit": 3,
            "snapshot_window": "04:00-05:00",
            "subnet_group_name": "winky-redis-subnet-group",
            "tags": {
              "Name": "winky-redis"
            },
            "tags_all": {
              "Environment": "production",
              "ManagedBy": "terraform",
              "Name": "winky-redis",
              "Project": "winky"
            },
            "timeouts": null,
            "transit_encryption_enabled": false
          },
          "sensitive_attributes": [],
          "identity_schema_version": 0,
          "private": "eyJlMmJmYjczMC1lY2FhLTExZTYtOGY4OC0zNDM2M2JjN2M0YzAiOnsiY3JlYXRlIjoyNDAwMDAwMDAwMDAwLCJkZWxldGUiOjI0MDAwMDAwMDAwMDAsInVwZGF0ZSI6NDgwMDAwMDAwMDAwMH19",
          "dependencies": [
            "aws_elasticache_subnet_group.redis",
            "aws_security_group.alb",
            "aws_security_group.ecs",
            "aws_security_group.redis",
            "aws_subnet.private",
            "aws_vpc.main"
          ]
        }
      ]
    },
    {
      "mode": "managed",
      "type": "aws_elasticache_subnet_group",
      "name": "redis",
      "provider": "provider[\"registry.terraform.io/hashicorp/aws\"]",
      "instances": [
        {
          "schema_version": 0,
          "attributes": {
            "arn": "arn:aws:elasticache:us-east-1:760831300954:subnetgroup:winky-redis-subnet-group",
            "description": "Managed by Terraform",
            "id": "winky-redis-subnet-group",
            "name": "winky-redis-subnet-group",
            "subnet_ids": [
              "subnet-06b20f5ee10b1badf",
              "subnet-07ac7879f5c1029e1"
            ],
            "tags": {
              "Name": "winky-redis-subnet-group"
            },
            "tags_all": {
              "Environment": "production",
              "ManagedBy": "terraform",
              "Name": "winky-redis-subnet-group",
              "Project": "winky"
            },
            "vpc_id": "vpc-0421845c922c8b3e8"
          },
          "sensitive_attributes": [],
          "identity_schema_version": 0,
          "private": "bnVsbA==",
          "dependencies": [
            "aws_subnet.private",
            "aws_vpc.main"
          ]
        }
      ]
    },
    {
      "mode": "managed",
      "type": "aws_iam_role",
      "name": "ecs_execution",
      "provider": "provider[\"registry.terraform.io/hashicorp/aws\"]",
      "instances": [
        {
          "schema_version": 0,
          "attributes": {
            "arn": "arn:aws:iam::760831300954:role/winky-ecs-execution-role",
            "assume_role_policy": "{\"Statement\":[{\"Action\":\"sts:AssumeRole\",\"Effect\":\"Allow\",\"Principal\":{\"Service\":\"ecs-tasks.amazonaws.com\"}}],\"Version\":\"2012-10-17\"}",
            "create_date": "2026-04-02T22:13:35Z",
            "description": "",
            "force_detach_policies": false,
            "id": "winky-ecs-execution-role",
            "inline_policy": [
              {
                "name": "winky-ecs-execution-secrets",
                "policy": "{\"Version\":\"2012-10-17\",\"Statement\":[{\"Action\":[\"secretsmanager:GetSecretValue\",\"secretsmanager:DescribeSecret\"],\"Effect\":\"Allow\",\"Resource\":\"arn:aws:secretsmanager:us-east-1:760831300954:secret:winky/production/*\"}]}"
              }
            ],
            "managed_policy_arns": [
              "arn:aws:iam::aws:policy/service-role/AmazonECSTaskExecutionRolePolicy"
            ],
            "max_session_duration": 3600,
            "name": "winky-ecs-execution-role",
            "name_prefix": "",
            "path": "/",
            "permissions_boundary": "",
            "tags": {},
            "tags_all": {
              "Environment": "production",
              "ManagedBy": "terraform",
              "Project": "winky"
            },
            "unique_id": "AROA3CJIUKVNBFVF6L25S"
          },
          "sensitive_attributes": [],
          "identity_schema_version": 0,
          "private": "bnVsbA=="
        }
      ]
    },
    {
      "mode": "managed",
      "type": "aws_iam_role",
      "name": "ecs_task",
      "provider": "provider[\"registry.terraform.io/hashicorp/aws\"]",
      "instances": [
        {
          "schema_version": 0,
          "attributes": {
            "arn": "arn:aws:iam::760831300954:role/winky-ecs-task-role",
            "assume_role_policy": "{\"Statement\":[{\"Action\":\"sts:AssumeRole\",\"Effect\":\"Allow\",\"Principal\":{\"Service\":\"ecs-tasks.amazonaws.com\"}}],\"Version\":\"2012-10-17\"}",
            "create_date": "2026-04-02T22:13:35Z",
            "description": "",
            "force_detach_policies": false,
            "id": "winky-ecs-task-role",
            "inline_policy": [
              {
                "name": "winky-ecs-task-s3",
                "policy": "{\"Version\":\"2012-10-17\",\"Statement\":[{\"Action\":[\"s3:PutObject\",\"s3:GetObject\",\"s3:DeleteObject\",\"s3:ListBucket\"],\"Effect\":\"Allow\",\"Resource\":[\"arn:aws:s3:::winky-chat\",\"arn:aws:s3:::winky-chat/*\"]}]}"
              }
            ],
            "managed_policy_arns": [],
            "max_session_duration": 3600,
            "name": "winky-ecs-task-role",
            "name_prefix": "",
            "path": "/",
            "permissions_boundary": "",
            "tags": {},
            "tags_all": {
              "Environment": "production",
              "ManagedBy": "terraform",
              "Project": "winky"
            },
            "unique_id": "AROA3CJIUKVNASXRGMTTY"
          },
          "sensitive_attributes": [],
          "identity_schema_version": 0,
          "private": "bnVsbA=="
        }
      ]
    },
    {
      "mode": "managed",
      "type": "aws_iam_role_policy",
      "name": "ecs_execution_secrets",
      "provider": "provider[\"registry.terraform.io/hashicorp/aws\"]",
      "instances": [
        {
          "schema_version": 0,
          "attributes": {
            "id": "winky-ecs-execution-role:winky-ecs-execution-secrets",
            "name": "winky-ecs-execution-secrets",
            "name_prefix": "",
            "policy": "{\"Version\":\"2012-10-17\",\"Statement\":[{\"Action\":[\"secretsmanager:GetSecretValue\",\"secretsmanager:DescribeSecret\"],\"Effect\":\"Allow\",\"Resource\":\"arn:aws:secretsmanager:us-east-1:760831300954:secret:winky/production/*\"}]}",
            "role": "winky-ecs-execution-role"
          },
          "sensitive_attributes": [],
          "identity_schema_version": 0,
          "private": "bnVsbA==",
          "dependencies": [
            "aws_iam_role.ecs_execution",
            "data.aws_caller_identity.current"
          ]
        }
      ]
    },
    {
      "mode": "managed",
      "type": "aws_iam_role_policy",
      "name": "ecs_task_s3",
      "provider": "provider[\"registry.terraform.io/hashicorp/aws\"]",
      "instances": [
        {
          "schema_version": 0,
          "attributes": {
            "id": "winky-ecs-task-role:winky-ecs-task-s3",
            "name": "winky-ecs-task-s3",
            "name_prefix": "",
            "policy": "{\"Version\":\"2012-10-17\",\"Statement\":[{\"Action\":[\"s3:PutObject\",\"s3:GetObject\",\"s3:DeleteObject\",\"s3:ListBucket\"],\"Effect\":\"Allow\",\"Resource\":[\"arn:aws:s3:::winky-chat\",\"arn:aws:s3:::winky-chat/*\"]}]}",
            "role": "winky-ecs-task-role"
          },
          "sensitive_attributes": [],
          "identity_schema_version": 0,
          "private": "bnVsbA==",
          "dependencies": [
            "aws_iam_role.ecs_task"
          ]
        }
      ]
    },
    {
      "mode": "managed",
      "type": "aws_iam_role_policy_attachment",
      "name": "ecs_execution_managed",
      "provider": "provider[\"registry.terraform.io/hashicorp/aws\"]",
      "instances": [
        {
          "schema_version": 0,
          "attributes": {
            "id": "winky-ecs-execution-role-20260402221336263700000001",
            "policy_arn": "arn:aws:iam::aws:policy/service-role/AmazonECSTaskExecutionRolePolicy",
            "role": "winky-ecs-execution-role"
          },
          "sensitive_attributes": [],
          "identity_schema_version": 0,
          "private": "bnVsbA==",
          "dependencies": [
            "aws_iam_role.ecs_execution"
          ]
        }
      ]
    },
    {
      "mode": "managed",
      "type": "aws_internet_gateway",
      "name": "main",
      "provider": "provider[\"registry.terraform.io/hashicorp/aws\"]",
      "instances": [
        {
          "schema_version": 0,
          "attributes": {
            "arn": "arn:aws:ec2:us-east-1:760831300954:internet-gateway/igw-0a5bd48e50fc92bfe",
            "id": "igw-0a5bd48e50fc92bfe",
            "owner_id": "760831300954",
            "tags": {
              "Name": "winky-igw"
            },
            "tags_all": {
              "Environment": "production",
              "ManagedBy": "terraform",
              "Name": "winky-igw",
              "Project": "winky"
            },
            "timeouts": null,
            "vpc_id": "vpc-0421845c922c8b3e8"
          },
          "sensitive_attributes": [],
          "identity_schema_version": 0,
          "private": "eyJlMmJmYjczMC1lY2FhLTExZTYtOGY4OC0zNDM2M2JjN2M0YzAiOnsiY3JlYXRlIjoxMjAwMDAwMDAwMDAwLCJkZWxldGUiOjEyMDAwMDAwMDAwMDAsInVwZGF0ZSI6MTIwMDAwMDAwMDAwMH19",
          "dependencies": [
            "aws_vpc.main"
          ]
        }
      ]
    },
    {
      "mode": "managed",
      "type": "aws_lb",
      "name": "main",
      "provider": "provider[\"registry.terraform.io/hashicorp/aws\"]",
      "instances": [
        {
          "schema_version": 0,
          "attributes": {
            "access_logs": [
              {
                "bucket": "",
                "enabled": false,
                "prefix": ""
              }
            ],
            "arn": "arn:aws:elasticloadbalancing:us-east-1:760831300954:loadbalancer/app/winky-alb/4adf5eb1d39bee64",
            "arn_suffix": "app/winky-alb/4adf5eb1d39bee64",
            "client_keep_alive": 3600,
            "connection_logs": [
              {
                "bucket": "",
                "enabled": false,
                "prefix": ""
              }
            ],
            "customer_owned_ipv4_pool": "",
            "desync_mitigation_mode": "defensive",
            "dns_name": "winky-alb-175728965.us-east-1.elb.amazonaws.com",
            "dns_record_client_routing_policy": null,
            "drop_invalid_header_fields": false,
            "enable_cross_zone_load_balancing": true,
            "enable_deletion_protection": false,
            "enable_http2": true,
            "enable_tls_version_and_cipher_suite_headers": false,
            "enable_waf_fail_open": false,
            "enable_xff_client_port": false,
            "enable_zonal_shift": false,
            "enforce_security_group_inbound_rules_on_private_link_traffic": "",
            "id": "arn:aws:elasticloadbalancing:us-east-1:760831300954:loadbalancer/app/winky-alb/4adf5eb1d39bee64",
            "idle_timeout": 60,
            "internal": false,
            "ip_address_type": "ipv4",
            "ipam_pools": [],
            "load_balancer_type": "application",
            "minimum_load_balancer_capacity": [],
            "name": "winky-alb",
            "name_prefix": "",
            "preserve_host_header": false,
            "security_groups": [
              "sg-0bfa14c7b3d757f67"
            ],
            "subnet_mapping": [
              {
                "allocation_id": "",
                "ipv6_address": "",
                "outpost_id": "",
                "private_ipv4_address": "",
                "subnet_id": "subnet-03b3d8f67dcb7798a"
              },
              {
                "allocation_id": "",
                "ipv6_address": "",
                "outpost_id": "",
                "private_ipv4_address": "",
                "subnet_id": "subnet-0df7bcd3db1023e62"
              }
            ],
            "subnets": [
              "subnet-03b3d8f67dcb7798a",
              "subnet-0df7bcd3db1023e62"
            ],
            "tags": {
              "Name": "winky-alb"
            },
            "tags_all": {
              "Environment": "production",
              "ManagedBy": "terraform",
              "Name": "winky-alb",
              "Project": "winky"
            },
            "timeouts": null,
            "vpc_id": "vpc-0421845c922c8b3e8",
            "xff_header_processing_mode": "append",
            "zone_id": "Z35SXDOTRQ7X7K"
          },
          "sensitive_attributes": [],
          "identity_schema_version": 0,
          "private": "eyJlMmJmYjczMC1lY2FhLTExZTYtOGY4OC0zNDM2M2JjN2M0YzAiOnsiY3JlYXRlIjo2MDAwMDAwMDAwMDAsImRlbGV0ZSI6NjAwMDAwMDAwMDAwLCJ1cGRhdGUiOjYwMDAwMDAwMDAwMH19",
          "dependencies": [
            "aws_security_group.alb",
            "aws_subnet.public",
            "aws_vpc.main"
          ]
        }
      ]
    },
    {
      "mode": "managed",
      "type": "aws_lb_listener",
      "name": "http",
      "provider": "provider[\"registry.terraform.io/hashicorp/aws\"]",
      "instances": [
        {
          "schema_version": 0,
          "attributes": {
            "alpn_policy": null,
            "arn": "arn:aws:elasticloadbalancing:us-east-1:760831300954:listener/app/winky-alb/4adf5eb1d39bee64/a3f60749de06fe63",
            "certificate_arn": null,
            "default_action": [
              {
                "authenticate_cognito": [],
                "authenticate_oidc": [],
                "fixed_response": [],
                "forward": [],
                "order": 1,
                "redirect": [
                  {
                    "host": "#{host}",
                    "path": "/#{path}",
                    "port": "443",
                    "protocol": "HTTPS",
                    "query": "#{query}",
                    "status_code": "HTTP_301"
                  }
                ],
                "target_group_arn": "",
                "type": "redirect"
              }
            ],
            "id": "arn:aws:elasticloadbalancing:us-east-1:760831300954:listener/app/winky-alb/4adf5eb1d39bee64/a3f60749de06fe63",
            "load_balancer_arn": "arn:aws:elasticloadbalancing:us-east-1:760831300954:loadbalancer/app/winky-alb/4adf5eb1d39bee64",
            "mutual_authentication": [],
            "port": 80,
            "protocol": "HTTP",
            "routing_http_request_x_amzn_mtls_clientcert_header_name": null,
            "routing_http_request_x_amzn_mtls_clientcert_issuer_header_name": null,
            "routing_http_request_x_amzn_mtls_clientcert_leaf_header_name": null,
            "routing_http_request_x_amzn_mtls_clientcert_serial_number_header_name": null,
            "routing_http_request_x_amzn_mtls_clientcert_subject_header_name": null,
            "routing_http_request_x_amzn_mtls_clientcert_validity_header_name": null,
            "routing_http_request_x_amzn_tls_cipher_suite_header_name": null,
            "routing_http_request_x_amzn_tls_version_header_name": null,
            "routing_http_response_access_control_allow_credentials_header_value": "",
            "routing_http_response_access_control_allow_headers_header_value": "",
            "routing_http_response_access_control_allow_methods_header_value": "",
            "routing_http_response_access_control_allow_origin_header_value": "",
            "routing_http_response_access_control_expose_headers_header_value": "",
            "routing_http_response_access_control_max_age_header_value": "",
            "routing_http_response_content_security_policy_header_value": "",
            "routing_http_response_server_enabled": true,
            "routing_http_response_strict_transport_security_header_value": "",
            "routing_http_response_x_content_type_options_header_value": "",
            "routing_http_response_x_frame_options_header_value": "",
            "ssl_policy": "",
            "tags": {},
            "tags_all": {
              "Environment": "production",
              "ManagedBy": "terraform",
              "Project": "winky"
            },
            "tcp_idle_timeout_seconds": null,
            "timeouts": null
          },
          "sensitive_attributes": [],
          "identity_schema_version": 0,
          "private": "eyJlMmJmYjczMC1lY2FhLTExZTYtOGY4OC0zNDM2M2JjN2M0YzAiOnsiY3JlYXRlIjozMDAwMDAwMDAwMDAsInVwZGF0ZSI6MzAwMDAwMDAwMDAwfX0=",
          "dependencies": [
            "aws_lb.main",
            "aws_security_group.alb",
            "aws_subnet.public",
            "aws_vpc.main"
          ]
        }
      ]
    },
    {
      "mode": "managed",
      "type": "aws_lb_listener",
      "name": "https",
      "provider": "provider[\"registry.terraform.io/hashicorp/aws\"]",
      "instances": [
        {
          "schema_version": 0,
          "attributes": {
            "alpn_policy": null,
            "arn": "arn:aws:elasticloadbalancing:us-east-1:760831300954:listener/app/winky-alb/4adf5eb1d39bee64/3864eed83abce796",
            "certificate_arn": "arn:aws:acm:us-east-1:760831300954:certificate/1ab48a71-030c-4812-94fc-28c376db6d51",
            "default_action": [
              {
                "authenticate_cognito": [],
                "authenticate_oidc": [],
                "fixed_response": [],
                "forward": [],
                "order": 1,
                "redirect": [],
                "target_group_arn": "arn:aws:elasticloadbalancing:us-east-1:760831300954:targetgroup/winky-tg/64ed4912acd9f03b",
                "type": "forward"
              }
            ],
            "id": "arn:aws:elasticloadbalancing:us-east-1:760831300954:listener/app/winky-alb/4adf5eb1d39bee64/3864eed83abce796",
            "load_balancer_arn": "arn:aws:elasticloadbalancing:us-east-1:760831300954:loadbalancer/app/winky-alb/4adf5eb1d39bee64",
            "mutual_authentication": [
              {
                "advertise_trust_store_ca_names": "",
                "ignore_client_certificate_expiry": false,
                "mode": "off",
                "trust_store_arn": ""
              }
            ],
            "port": 443,
            "protocol": "HTTPS",
            "routing_http_request_x_amzn_mtls_clientcert_header_name": "",
            "routing_http_request_x_amzn_mtls_clientcert_issuer_header_name": "",
            "routing_http_request_x_amzn_mtls_clientcert_leaf_header_name": "",
            "routing_http_request_x_amzn_mtls_clientcert_serial_number_header_name": "",
            "routing_http_request_x_amzn_mtls_clientcert_subject_header_name": "",
            "routing_http_request_x_amzn_mtls_clientcert_validity_header_name": "",
            "routing_http_request_x_amzn_tls_cipher_suite_header_name": "",
            "routing_http_request_x_amzn_tls_version_header_name": "",
            "routing_http_response_access_control_allow_credentials_header_value": "",
            "routing_http_response_access_control_allow_headers_header_value": "",
            "routing_http_response_access_control_allow_methods_header_value": "",
            "routing_http_response_access_control_allow_origin_header_value": "",
            "routing_http_response_access_control_expose_headers_header_value": "",
            "routing_http_response_access_control_max_age_header_value": "",
            "routing_http_response_content_security_policy_header_value": "",
            "routing_http_response_server_enabled": true,
            "routing_http_response_strict_transport_security_header_value": "",
            "routing_http_response_x_content_type_options_header_value": "",
            "routing_http_response_x_frame_options_header_value": "",
            "ssl_policy": "ELBSecurityPolicy-TLS13-1-2-2021-06",
            "tags": {},
            "tags_all": {
              "Environment": "production",
              "ManagedBy": "terraform",
              "Project": "winky"
            },
            "tcp_idle_timeout_seconds": null,
            "timeouts": null
          },
          "sensitive_attributes": [],
          "identity_schema_version": 0,
          "private": "eyJlMmJmYjczMC1lY2FhLTExZTYtOGY4OC0zNDM2M2JjN2M0YzAiOnsiY3JlYXRlIjozMDAwMDAwMDAwMDAsInVwZGF0ZSI6MzAwMDAwMDAwMDAwfX0=",
          "dependencies": [
            "aws_acm_certificate.api",
            "aws_acm_certificate_validation.api",
            "aws_lb.main",
            "aws_lb_target_group.app",
            "aws_route53_record.cert_validation",
            "aws_security_group.alb",
            "aws_subnet.public",
            "aws_vpc.main",
            "data.aws_route53_zone.main"
          ]
        }
      ]
    },
    {
      "mode": "managed",
      "type": "aws_lb_target_group",
      "name": "app",
      "provider": "provider[\"registry.terraform.io/hashicorp/aws\"]",
      "instances": [
        {
          "schema_version": 0,
          "attributes": {
            "arn": "arn:aws:elasticloadbalancing:us-east-1:760831300954:targetgroup/winky-tg/64ed4912acd9f03b",
            "arn_suffix": "targetgroup/winky-tg/64ed4912acd9f03b",
            "connection_termination": null,
            "deregistration_delay": "300",
            "health_check": [
              {
                "enabled": true,
                "healthy_threshold": 2,
                "interval": 30,
                "matcher": "200",
                "path": "/health",
                "port": "traffic-port",
                "protocol": "HTTP",
                "timeout": 5,
                "unhealthy_threshold": 3
              }
            ],
            "id": "arn:aws:elasticloadbalancing:us-east-1:760831300954:targetgroup/winky-tg/64ed4912acd9f03b",
            "ip_address_type": "ipv4",
            "lambda_multi_value_headers_enabled": false,
            "load_balancer_arns": [
              "arn:aws:elasticloadbalancing:us-east-1:760831300954:loadbalancer/app/winky-alb/4adf5eb1d39bee64"
            ],
            "load_balancing_algorithm_type": "round_robin",
            "load_balancing_anomaly_mitigation": "off",
            "load_balancing_cross_zone_enabled": "use_load_balancer_configuration",
            "name": "winky-tg",
            "name_prefix": "",
            "port": 3000,
            "preserve_client_ip": null,
            "protocol": "HTTP",
            "protocol_version": "HTTP1",
            "proxy_protocol_v2": false,
            "slow_start": 0,
            "stickiness": [
              {
                "cookie_duration": 86400,
                "cookie_name": "",
                "enabled": true,
                "type": "lb_cookie"
              }
            ],
            "tags": {
              "Name": "winky-tg"
            },
            "tags_all": {
              "Environment": "production",
              "ManagedBy": "terraform",
              "Name": "winky-tg",
              "Project": "winky"
            },
            "target_failover": [
              {
                "on_deregistration": null,
                "on_unhealthy": null
              }
            ],
            "target_group_health": [
              {
                "dns_failover": [
                  {
                    "minimum_healthy_targets_count": "1",
                    "minimum_healthy_targets_percentage": "off"
                  }
                ],
                "unhealthy_state_routing": [
                  {
                    "minimum_healthy_targets_count": 1,
                    "minimum_healthy_targets_percentage": "off"
                  }
                ]
              }
            ],
            "target_health_state": [
              {
                "enable_unhealthy_connection_termination": null,
                "unhealthy_draining_interval": null
              }
            ],
            "target_type": "ip",
            "vpc_id": "vpc-0421845c922c8b3e8"
          },
          "sensitive_attributes": [],
          "identity_schema_version": 0,
          "private": "bnVsbA==",
          "dependencies": [
            "aws_vpc.main"
          ]
        }
      ]
    },
    {
      "mode": "managed",
      "type": "aws_route",
      "name": "public_internet",
      "provider": "provider[\"registry.terraform.io/hashicorp/aws\"]",
      "instances": [
        {
          "schema_version": 0,
          "attributes": {
            "carrier_gateway_id": "",
            "core_network_arn": "",
            "destination_cidr_block": "0.0.0.0/0",
            "destination_ipv6_cidr_block": "",
            "destination_prefix_list_id": "",
            "egress_only_gateway_id": "",
            "gateway_id": "igw-0a5bd48e50fc92bfe",
            "id": "r-rtb-06c047a139b3a4c411080289494",
            "instance_id": "",
            "instance_owner_id": "",
            "local_gateway_id": "",
            "nat_gateway_id": "",
            "network_interface_id": "",
            "origin": "CreateRoute",
            "route_table_id": "rtb-06c047a139b3a4c41",
            "state": "active",
            "timeouts": null,
            "transit_gateway_id": "",
            "vpc_endpoint_id": "",
            "vpc_peering_connection_id": ""
          },
          "sensitive_attributes": [],
          "identity_schema_version": 0,
          "private": "eyJlMmJmYjczMC1lY2FhLTExZTYtOGY4OC0zNDM2M2JjN2M0YzAiOnsiY3JlYXRlIjozMDAwMDAwMDAwMDAsImRlbGV0ZSI6MzAwMDAwMDAwMDAwLCJ1cGRhdGUiOjEyMDAwMDAwMDAwMH19",
          "dependencies": [
            "aws_internet_gateway.main",
            "aws_route_table.public",
            "aws_vpc.main"
          ]
        }
      ]
    },
    {
      "mode": "managed",
      "type": "aws_route53_record",
      "name": "api",
      "provider": "provider[\"registry.terraform.io/hashicorp/aws\"]",
      "instances": [
        {
          "schema_version": 2,
          "attributes": {
            "alias": [
              {
                "evaluate_target_health": true,
                "name": "winky-alb-175728965.us-east-1.elb.amazonaws.com",
                "zone_id": "Z35SXDOTRQ7X7K"
              }
            ],
            "allow_overwrite": null,
            "cidr_routing_policy": [],
            "failover_routing_policy": [],
            "fqdn": "service.winky.com",
            "geolocation_routing_policy": [],
            "geoproximity_routing_policy": [],
            "health_check_id": "",
            "id": "Z090880818F7QVPR9P7T0_service.winky.com_A",
            "latency_routing_policy": [],
            "multivalue_answer_routing_policy": false,
            "name": "service.winky.com",
            "records": [],
            "set_identifier": "",
            "timeouts": null,
            "ttl": 0,
            "type": "A",
            "weighted_routing_policy": [],
            "zone_id": "Z090880818F7QVPR9P7T0"
          },
          "sensitive_attributes": [],
          "identity_schema_version": 0,
          "private": "eyJlMmJmYjczMC1lY2FhLTExZTYtOGY4OC0zNDM2M2JjN2M0YzAiOnsiY3JlYXRlIjoxODAwMDAwMDAwMDAwLCJkZWxldGUiOjE4MDAwMDAwMDAwMDAsInVwZGF0ZSI6MTgwMDAwMDAwMDAwMH0sInNjaGVtYV92ZXJzaW9uIjoiMiJ9",
          "dependencies": [
            "aws_lb.main",
            "aws_security_group.alb",
            "aws_subnet.public",
            "aws_vpc.main",
            "data.aws_route53_zone.main"
          ]
        }
      ]
    },
    {
      "mode": "managed",
      "type": "aws_route53_record",
      "name": "cert_validation",
      "provider": "provider[\"registry.terraform.io/hashicorp/aws\"]",
      "instances": [
        {
          "index_key": "service.winky.com",
          "schema_version": 2,
          "attributes": {
            "alias": [],
            "allow_overwrite": null,
            "cidr_routing_policy": [],
            "failover_routing_policy": [],
            "fqdn": "_2d9a44e6f2ac3e89f38c452d9004c07a.service.winky.com",
            "geolocation_routing_policy": [],
            "geoproximity_routing_policy": [],
            "health_check_id": "",
            "id": "Z090880818F7QVPR9P7T0__2d9a44e6f2ac3e89f38c452d9004c07a.service.winky.com._CNAME",
            "latency_routing_policy": [],
            "multivalue_answer_routing_policy": false,
            "name": "_2d9a44e6f2ac3e89f38c452d9004c07a.service.winky.com",
            "records": [
              "_4d4a62318020169da5ca43184f157fe7.jkddzztszm.acm-validations.aws."
            ],
            "set_identifier": "",
            "timeouts": null,
            "ttl": 60,
            "type": "CNAME",
            "weighted_routing_policy": [],
            "zone_id": "Z090880818F7QVPR9P7T0"
          },
          "sensitive_attributes": [],
          "identity_schema_version": 0,
          "private": "eyJlMmJmYjczMC1lY2FhLTExZTYtOGY4OC0zNDM2M2JjN2M0YzAiOnsiY3JlYXRlIjoxODAwMDAwMDAwMDAwLCJkZWxldGUiOjE4MDAwMDAwMDAwMDAsInVwZGF0ZSI6MTgwMDAwMDAwMDAwMH0sInNjaGVtYV92ZXJzaW9uIjoiMiJ9",
          "dependencies": [
            "aws_acm_certificate.api",
            "data.aws_route53_zone.main"
          ]
        }
      ]
    },
    {
      "mode": "managed",
      "type": "aws_route_table",
      "name": "private",
      "provider": "provider[\"registry.terraform.io/hashicorp/aws\"]",
      "instances": [
        {
          "schema_version": 0,
          "attributes": {
            "arn": "arn:aws:ec2:us-east-1:760831300954:route-table/rtb-0e907dbce5be49ce1",
            "id": "rtb-0e907dbce5be49ce1",
            "owner_id": "760831300954",
            "propagating_vgws": [],
            "route": [],
            "tags": {
              "Name": "winky-rt-private"
            },
            "tags_all": {
              "Environment": "production",
              "ManagedBy": "terraform",
              "Name": "winky-rt-private",
              "Project": "winky"
            },
            "timeouts": null,
            "vpc_id": "vpc-0421845c922c8b3e8"
          },
          "sensitive_attributes": [],
          "identity_schema_version": 0,
          "private": "eyJlMmJmYjczMC1lY2FhLTExZTYtOGY4OC0zNDM2M2JjN2M0YzAiOnsiY3JlYXRlIjozMDAwMDAwMDAwMDAsImRlbGV0ZSI6MzAwMDAwMDAwMDAwLCJ1cGRhdGUiOjEyMDAwMDAwMDAwMH19",
          "dependencies": [
            "aws_vpc.main"
          ]
        }
      ]
    },
    {
      "mode": "managed",
      "type": "aws_route_table",
      "name": "public",
      "provider": "provider[\"registry.terraform.io/hashicorp/aws\"]",
      "instances": [
        {
          "schema_version": 0,
          "attributes": {
            "arn": "arn:aws:ec2:us-east-1:760831300954:route-table/rtb-06c047a139b3a4c41",
            "id": "rtb-06c047a139b3a4c41",
            "owner_id": "760831300954",
            "propagating_vgws": [],
            "route": [
              {
                "carrier_gateway_id": "",
                "cidr_block": "0.0.0.0/0",
                "core_network_arn": "",
                "destination_prefix_list_id": "",
                "egress_only_gateway_id": "",
                "gateway_id": "igw-0a5bd48e50fc92bfe",
                "ipv6_cidr_block": "",
                "local_gateway_id": "",
                "nat_gateway_id": "",
                "network_interface_id": "",
                "transit_gateway_id": "",
                "vpc_endpoint_id": "",
                "vpc_peering_connection_id": ""
              }
            ],
            "tags": {
              "Name": "winky-rt-public"
            },
            "tags_all": {
              "Environment": "production",
              "ManagedBy": "terraform",
              "Name": "winky-rt-public",
              "Project": "winky"
            },
            "timeouts": null,
            "vpc_id": "vpc-0421845c922c8b3e8"
          },
          "sensitive_attributes": [],
          "identity_schema_version": 0,
          "private": "eyJlMmJmYjczMC1lY2FhLTExZTYtOGY4OC0zNDM2M2JjN2M0YzAiOnsiY3JlYXRlIjozMDAwMDAwMDAwMDAsImRlbGV0ZSI6MzAwMDAwMDAwMDAwLCJ1cGRhdGUiOjEyMDAwMDAwMDAwMH19",
          "dependencies": [
            "aws_vpc.main"
          ]
        }
      ]
    },
    {
      "mode": "managed",
      "type": "aws_route_table_association",
      "name": "private",
      "provider": "provider[\"registry.terraform.io/hashicorp/aws\"]",
      "instances": [
        {
          "index_key": 0,
          "schema_version": 0,
          "attributes": {
            "gateway_id": "",
            "id": "rtbassoc-09f13a698b09d036d",
            "route_table_id": "rtb-0e907dbce5be49ce1",
            "subnet_id": "subnet-06b20f5ee10b1badf",
            "timeouts": null
          },
          "sensitive_attributes": [],
          "identity_schema_version": 0,
          "private": "eyJlMmJmYjczMC1lY2FhLTExZTYtOGY4OC0zNDM2M2JjN2M0YzAiOnsiY3JlYXRlIjozMDAwMDAwMDAwMDAsImRlbGV0ZSI6MzAwMDAwMDAwMDAwLCJ1cGRhdGUiOjEyMDAwMDAwMDAwMH19",
          "dependencies": [
            "aws_route_table.private",
            "aws_subnet.private",
            "aws_vpc.main"
          ]
        },
        {
          "index_key": 1,
          "schema_version": 0,
          "attributes": {
            "gateway_id": "",
            "id": "rtbassoc-0a87320f50d15dc17",
            "route_table_id": "rtb-0e907dbce5be49ce1",
            "subnet_id": "subnet-07ac7879f5c1029e1",
            "timeouts": null
          },
          "sensitive_attributes": [],
          "identity_schema_version": 0,
          "private": "eyJlMmJmYjczMC1lY2FhLTExZTYtOGY4OC0zNDM2M2JjN2M0YzAiOnsiY3JlYXRlIjozMDAwMDAwMDAwMDAsImRlbGV0ZSI6MzAwMDAwMDAwMDAwLCJ1cGRhdGUiOjEyMDAwMDAwMDAwMH19",
          "dependencies": [
            "aws_route_table.private",
            "aws_subnet.private",
            "aws_vpc.main"
          ]
        }
      ]
    },
    {
      "mode": "managed",
      "type": "aws_route_table_association",
      "name": "public",
      "provider": "provider[\"registry.terraform.io/hashicorp/aws\"]",
      "instances": [
        {
          "index_key": 0,
          "schema_version": 0,
          "attributes": {
            "gateway_id": "",
            "id": "rtbassoc-0df0cb47397368dc3",
            "route_table_id": "rtb-06c047a139b3a4c41",
            "subnet_id": "subnet-03b3d8f67dcb7798a",
            "timeouts": null
          },
          "sensitive_attributes": [],
          "identity_schema_version": 0,
          "private": "eyJlMmJmYjczMC1lY2FhLTExZTYtOGY4OC0zNDM2M2JjN2M0YzAiOnsiY3JlYXRlIjozMDAwMDAwMDAwMDAsImRlbGV0ZSI6MzAwMDAwMDAwMDAwLCJ1cGRhdGUiOjEyMDAwMDAwMDAwMH19",
          "dependencies": [
            "aws_route_table.public",
            "aws_subnet.public",
            "aws_vpc.main"
          ]
        },
        {
          "index_key": 1,
          "schema_version": 0,
          "attributes": {
            "gateway_id": "",
            "id": "rtbassoc-0c9fbcd3e5b4a57e0",
            "route_table_id": "rtb-06c047a139b3a4c41",
            "subnet_id": "subnet-0df7bcd3db1023e62",
            "timeouts": null
          },
          "sensitive_attributes": [],
          "identity_schema_version": 0,
          "private": "eyJlMmJmYjczMC1lY2FhLTExZTYtOGY4OC0zNDM2M2JjN2M0YzAiOnsiY3JlYXRlIjozMDAwMDAwMDAwMDAsImRlbGV0ZSI6MzAwMDAwMDAwMDAwLCJ1cGRhdGUiOjEyMDAwMDAwMDAwMH19",
          "dependencies": [
            "aws_route_table.public",
            "aws_subnet.public",
            "aws_vpc.main"
          ]
        }
      ]
    },
    {
      "mode": "managed",
      "type": "aws_secretsmanager_secret",
      "name": "app",
      "provider": "provider[\"registry.terraform.io/hashicorp/aws\"]",
      "instances": [
        {
          "schema_version": 0,
          "attributes": {
            "arn": "arn:aws:secretsmanager:us-east-1:760831300954:secret:winky/production/app-d7f8dM",
            "description": "Core application secrets for winky",
            "force_overwrite_replica_secret": false,
            "id": "arn:aws:secretsmanager:us-east-1:760831300954:secret:winky/production/app-d7f8dM",
            "kms_key_id": "",
            "name": "winky/production/app",
            "name_prefix": "",
            "policy": "",
            "recovery_window_in_days": 7,
            "replica": [],
            "tags": {},
            "tags_all": {
              "Environment": "production",
              "ManagedBy": "terraform",
              "Project": "winky"
            }
          },
          "sensitive_attributes": [],
          "identity_schema_version": 0,
          "private": "bnVsbA=="
        }
      ]
    },
    {
      "mode": "managed",
      "type": "aws_secretsmanager_secret",
      "name": "db",
      "provider": "provider[\"registry.terraform.io/hashicorp/aws\"]",
      "instances": [
        {
          "schema_version": 0,
          "attributes": {
            "arn": "arn:aws:secretsmanager:us-east-1:760831300954:secret:winky/production/db-uktyhT",
            "description": "MongoDB Atlas connection string",
            "force_overwrite_replica_secret": false,
            "id": "arn:aws:secretsmanager:us-east-1:760831300954:secret:winky/production/db-uktyhT",
            "kms_key_id": "",
            "name": "winky/production/db",
            "name_prefix": "",
            "policy": "",
            "recovery_window_in_days": 7,
            "replica": [],
            "tags": {},
            "tags_all": {
              "Environment": "production",
              "ManagedBy": "terraform",
              "Project": "winky"
            }
          },
          "sensitive_attributes": [],
          "identity_schema_version": 0,
          "private": "bnVsbA=="
        }
      ]
    },
    {
      "mode": "managed",
      "type": "aws_secretsmanager_secret",
      "name": "google",
      "provider": "provider[\"registry.terraform.io/hashicorp/aws\"]",
      "instances": [
        {
          "schema_version": 0,
          "attributes": {
            "arn": "arn:aws:secretsmanager:us-east-1:760831300954:secret:winky/production/google-cwQiFY",
            "description": "Google OAuth client ID",
            "force_overwrite_replica_secret": false,
            "id": "arn:aws:secretsmanager:us-east-1:760831300954:secret:winky/production/google-cwQiFY",
            "kms_key_id": "",
            "name": "winky/production/google",
            "name_prefix": "",
            "policy": "",
            "recovery_window_in_days": 7,
            "replica": [],
            "tags": {},
            "tags_all": {
              "Environment": "production",
              "ManagedBy": "terraform",
              "Project": "winky"
            }
          },
          "sensitive_attributes": [],
          "identity_schema_version": 0,
          "private": "bnVsbA=="
        }
      ]
    },
    {
      "mode": "managed",
      "type": "aws_secretsmanager_secret",
      "name": "ops",
      "provider": "provider[\"registry.terraform.io/hashicorp/aws\"]",
      "instances": [
        {
          "schema_version": 0,
          "attributes": {
            "arn": "arn:aws:secretsmanager:us-east-1:760831300954:secret:winky/production/ops-3iZsQh",
            "description": "Operational config (alert email, etc.) for winky",
            "force_overwrite_replica_secret": false,
            "id": "arn:aws:secretsmanager:us-east-1:760831300954:secret:winky/production/ops-3iZsQh",
            "kms_key_id": "",
            "name": "winky/production/ops",
            "name_prefix": "",
            "policy": "",
            "recovery_window_in_days": 7,
            "replica": [],
            "tags": null,
            "tags_all": {
              "Environment": "production",
              "ManagedBy": "terraform",
              "Project": "winky"
            }
          },
          "sensitive_attributes": [],
          "identity_schema_version": 0,
          "private": "bnVsbA=="
        }
      ]
    },
    {
      "mode": "managed",
      "type": "aws_secretsmanager_secret",
      "name": "push",
      "provider": "provider[\"registry.terraform.io/hashicorp/aws\"]",
      "instances": [
        {
          "schema_version": 0,
          "attributes": {
            "arn": "arn:aws:secretsmanager:us-east-1:760831300954:secret:winky/production/push-X513pL",
            "description": "iOS (APN) and Android (GCM) push notification credentials",
            "force_overwrite_replica_secret": false,
            "id": "arn:aws:secretsmanager:us-east-1:760831300954:secret:winky/production/push-X513pL",
            "kms_key_id": "",
            "name": "winky/production/push",
            "name_prefix": "",
            "policy": "",
            "recovery_window_in_days": 7,
            "replica": [],
            "tags": {},
            "tags_all": {
              "Environment": "production",
              "ManagedBy": "terraform",
              "Project": "winky"
            }
          },
          "sensitive_attributes": [],
          "identity_schema_version": 0,
          "private": "bnVsbA=="
        }
      ]
    },
    {
      "mode": "managed",
      "type": "aws_secretsmanager_secret",
      "name": "twilio",
      "provider": "provider[\"registry.terraform.io/hashicorp/aws\"]",
      "instances": [
        {
          "schema_version": 0,
          "attributes": {
            "arn": "arn:aws:secretsmanager:us-east-1:760831300954:secret:winky/production/twilio-19kUGN",
            "description": "Twilio credentials for SMS and voice",
            "force_overwrite_replica_secret": false,
            "id": "arn:aws:secretsmanager:us-east-1:760831300954:secret:winky/production/twilio-19kUGN",
            "kms_key_id": "",
            "name": "winky/production/twilio",
            "name_prefix": "",
            "policy": "",
            "recovery_window_in_days": 7,
            "replica": [],
            "tags": {},
            "tags_all": {
              "Environment": "production",
              "ManagedBy": "terraform",
              "Project": "winky"
            }
          },
          "sensitive_attributes": [],
          "identity_schema_version": 0,
          "private": "bnVsbA=="
        }
      ]
    },
    {
      "mode": "managed",
      "type": "aws_secretsmanager_secret_version",
      "name": "app",
      "provider": "provider[\"registry.terraform.io/hashicorp/aws\"]",
      "instances": [
        {
          "schema_version": 0,
          "attributes": {
            "arn": "arn:aws:secretsmanager:us-east-1:760831300954:secret:winky/production/app-d7f8dM",
            "has_secret_string_wo": null,
            "id": "arn:aws:secretsmanager:us-east-1:760831300954:secret:winky/production/app-d7f8dM|terraform-2026040221474907060000000a",
            "secret_binary": "",
            "secret_id": "arn:aws:secretsmanager:us-east-1:760831300954:secret:winky/production/app-d7f8dM",
            "secret_string": "{\"APP_SECRET\":\"REPLACE_ME\",\"APP_SECRET_REFRESH\":\"REPLACE_ME\",\"CLIENT_JWT_BASE_SECRET\":\"REPLACE_ME\",\"CORS_ORIGIN\":\"REPLACE_ME\",\"OTP_CLIENT_KEY_CODE\":\"REPLACE_ME\",\"OTP_PHONE_HASH_SECRET\":\"REPLACE_ME\",\"OTP_SIGNATURE_SECRET\":\"REPLACE_ME\",\"PHONE_ENC_KEY_1\":\"REPLACE_ME\",\"PHONE_ENC_KEY_VERSION\":\"1\",\"SECRET\":\"REPLACE_ME\"}",
            "secret_string_wo": null,
            "secret_string_wo_version": null,
            "version_id": "terraform-2026040221474907060000000a",
            "version_stages": []
          },
          "sensitive_attributes": [
            [
              {
                "type": "get_attr",
                "value": "secret_binary"
              }
            ],
            [
              {
                "type": "get_attr",
                "value": "secret_string"
              }
            ],
            [
              {
                "type": "get_attr",
                "value": "secret_string_wo"
              }
            ]
          ],
          "identity_schema_version": 0,
          "private": "bnVsbA==",
          "dependencies": [
            "aws_secretsmanager_secret.app"
          ]
        }
      ]
    },
    {
      "mode": "managed",
      "type": "aws_secretsmanager_secret_version",
      "name": "db",
      "provider": "provider[\"registry.terraform.io/hashicorp/aws\"]",
      "instances": [
        {
          "schema_version": 0,
          "attributes": {
            "arn": "arn:aws:secretsmanager:us-east-1:760831300954:secret:winky/production/db-uktyhT",
            "has_secret_string_wo": null,
            "id": "arn:aws:secretsmanager:us-east-1:760831300954:secret:winky/production/db-uktyhT|terraform-20260402214749070500000009",
            "secret_binary": "",
            "secret_id": "arn:aws:secretsmanager:us-east-1:760831300954:secret:winky/production/db-uktyhT",
            "secret_string": "{\"MONGO_HOST\":\"REPLACE_ME\"}",
            "secret_string_wo": null,
            "secret_string_wo_version": null,
            "version_id": "terraform-20260402214749070500000009",
            "version_stages": []
          },
          "sensitive_attributes": [
            [
              {
                "type": "get_attr",
                "value": "secret_binary"
              }
            ],
            [
              {
                "type": "get_attr",
                "value": "secret_string"
              }
            ],
            [
              {
                "type": "get_attr",
                "value": "secret_string_wo"
              }
            ]
          ],
          "identity_schema_version": 0,
          "private": "bnVsbA==",
          "dependencies": [
            "aws_secretsmanager_secret.db"
          ]
        }
      ]
    },
    {
      "mode": "managed",
      "type": "aws_secretsmanager_secret_version",
      "name": "google",
      "provider": "provider[\"registry.terraform.io/hashicorp/aws\"]",
      "instances": [
        {
          "schema_version": 0,
          "attributes": {
            "arn": "arn:aws:secretsmanager:us-east-1:760831300954:secret:winky/production/google-cwQiFY",
            "has_secret_string_wo": null,
            "id": "arn:aws:secretsmanager:us-east-1:760831300954:secret:winky/production/google-cwQiFY|terraform-20260402214749022500000006",
            "secret_binary": "",
            "secret_id": "arn:aws:secretsmanager:us-east-1:760831300954:secret:winky/production/google-cwQiFY",
            "secret_string": "{\"GOOGLE_CLIENT_ID\":\"REPLACE_ME\"}",
            "secret_string_wo": null,
            "secret_string_wo_version": null,
            "version_id": "terraform-20260402214749022500000006",
            "version_stages": [
              "AWSCURRENT"
            ]
          },
          "sensitive_attributes": [
            [
              {
                "type": "get_attr",
                "value": "secret_binary"
              }
            ],
            [
              {
                "type": "get_attr",
                "value": "secret_string"
              }
            ],
            [
              {
                "type": "get_attr",
                "value": "secret_string_wo"
              }
            ]
          ],
          "identity_schema_version": 0,
          "private": "bnVsbA==",
          "dependencies": [
            "aws_secretsmanager_secret.google"
          ]
        }
      ]
    },
    {
      "mode": "managed",
      "type": "aws_secretsmanager_secret_version",
      "name": "ops",
      "provider": "provider[\"registry.terraform.io/hashicorp/aws\"]",
      "instances": [
        {
          "schema_version": 0,
          "attributes": {
            "arn": "arn:aws:secretsmanager:us-east-1:760831300954:secret:winky/production/ops-3iZsQh",
            "has_secret_string_wo": null,
            "id": "arn:aws:secretsmanager:us-east-1:760831300954:secret:winky/production/ops-3iZsQh|terraform-20260417184413569400000002",
            "secret_binary": "",
            "secret_id": "arn:aws:secretsmanager:us-east-1:760831300954:secret:winky/production/ops-3iZsQh",
            "secret_string": "{\"ALERT_EMAIL\":\"REPLACE_ME\"}",
            "secret_string_wo": null,
            "secret_string_wo_version": null,
            "version_id": "terraform-20260417184413569400000002",
            "version_stages": [
              "AWSCURRENT"
            ]
          },
          "sensitive_attributes": [
            [
              {
                "type": "get_attr",
                "value": "secret_binary"
              }
            ],
            [
              {
                "type": "get_attr",
                "value": "secret_string"
              }
            ],
            [
              {
                "type": "get_attr",
                "value": "secret_string_wo"
              }
            ]
          ],
          "identity_schema_version": 0,
          "private": "bnVsbA==",
          "dependencies": [
            "aws_secretsmanager_secret.ops"
          ]
        }
      ]
    },
    {
      "mode": "managed",
      "type": "aws_secretsmanager_secret_version",
      "name": "push",
      "provider": "provider[\"registry.terraform.io/hashicorp/aws\"]",
      "instances": [
        {
          "schema_version": 0,
          "attributes": {
            "arn": "arn:aws:secretsmanager:us-east-1:760831300954:secret:winky/production/push-X513pL",
            "has_secret_string_wo": null,
            "id": "arn:aws:secretsmanager:us-east-1:760831300954:secret:winky/production/push-X513pL|terraform-20260402214749070500000008",
            "secret_binary": "",
            "secret_id": "arn:aws:secretsmanager:us-east-1:760831300954:secret:winky/production/push-X513pL",
            "secret_string": "{\"GCM_SERVER_ID\":\"REPLACE_ME\",\"IOS_BUNDLE\":\"REPLACE_ME\",\"IOS_KEY_TOKEN\":\"REPLACE_ME\",\"IOS_TEAM_ID\":\"REPLACE_ME\"}",
            "secret_string_wo": null,
            "secret_string_wo_version": null,
            "version_id": "terraform-20260402214749070500000008",
            "version_stages": [
              "AWSPREVIOUS"
            ]
          },
          "sensitive_attributes": [
            [
              {
                "type": "get_attr",
                "value": "secret_binary"
              }
            ],
            [
              {
                "type": "get_attr",
                "value": "secret_string"
              }
            ],
            [
              {
                "type": "get_attr",
                "value": "secret_string_wo"
              }
            ]
          ],
          "identity_schema_version": 0,
          "private": "bnVsbA==",
          "dependencies": [
            "aws_secretsmanager_secret.push"
          ]
        }
      ]
    },
    {
      "mode": "managed",
      "type": "aws_secretsmanager_secret_version",
      "name": "twilio",
      "provider": "provider[\"registry.terraform.io/hashicorp/aws\"]",
      "instances": [
        {
          "schema_version": 0,
          "attributes": {
            "arn": "arn:aws:secretsmanager:us-east-1:760831300954:secret:winky/production/twilio-19kUGN",
            "has_secret_string_wo": null,
            "id": "arn:aws:secretsmanager:us-east-1:760831300954:secret:winky/production/twilio-19kUGN|terraform-20260402214749044800000007",
            "secret_binary": "",
            "secret_id": "arn:aws:secretsmanager:us-east-1:760831300954:secret:winky/production/twilio-19kUGN",
            "secret_string": "{\"TWILIO_ACCOUNT_SID\":\"REPLACE_ME\",\"TWILIO_ANDROID_PUSH_CREDENTIAL_SID\":\"REPLACE_ME\",\"TWILIO_API_KEY\":\"REPLACE_ME\",\"TWILIO_API_KEY_SECRET\":\"REPLACE_ME\",\"TWILIO_APP_SID\":\"REPLACE_ME\",\"TWILIO_AUTH_TOKEN\":\"REPLACE_ME\",\"TWILIO_IOS_PUSH_CREDENTIAL_SID\":\"REPLACE_ME\",\"TWILIO_NOTIFICATION_SERVICE_SID\":\"REPLACE_ME\"}",
            "secret_string_wo": null,
            "secret_string_wo_version": null,
            "version_id": "terraform-20260402214749044800000007",
            "version_stages": [
              "AWSPREVIOUS"
            ]
          },
          "sensitive_attributes": [
            [
              {
                "type": "get_attr",
                "value": "secret_binary"
              }
            ],
            [
              {
                "type": "get_attr",
                "value": "secret_string"
              }
            ],
            [
              {
                "type": "get_attr",
                "value": "secret_string_wo"
              }
            ]
          ],
          "identity_schema_version": 0,
          "private": "bnVsbA==",
          "dependencies": [
            "aws_secretsmanager_secret.twilio"
          ]
        }
      ]
    },
    {
      "mode": "managed",
      "type": "aws_security_group",
      "name": "alb",
      "provider": "provider[\"registry.terraform.io/hashicorp/aws\"]",
      "instances": [
        {
          "schema_version": 1,
          "attributes": {
            "arn": "arn:aws:ec2:us-east-1:760831300954:security-group/sg-0bfa14c7b3d757f67",
            "description": "Allow inbound HTTP/HTTPS from internet",
            "egress": [
              {
                "cidr_blocks": [
                  "0.0.0.0/0"
                ],
                "description": "",
                "from_port": 0,
                "ipv6_cidr_blocks": [],
                "prefix_list_ids": [],
                "protocol": "-1",
                "security_groups": [],
                "self": false,
                "to_port": 0
              }
            ],
            "id": "sg-0bfa14c7b3d757f67",
            "ingress": [
              {
                "cidr_blocks": [
                  "0.0.0.0/0"
                ],
                "description": "HTTP",
                "from_port": 80,
                "ipv6_cidr_blocks": [],
                "prefix_list_ids": [],
                "protocol": "tcp",
                "security_groups": [],
                "self": false,
                "to_port": 80
              },
              {
                "cidr_blocks": [
                  "0.0.0.0/0"
                ],
                "description": "HTTPS",
                "from_port": 443,
                "ipv6_cidr_blocks": [],
                "prefix_list_ids": [],
                "protocol": "tcp",
                "security_groups": [],
                "self": false,
                "to_port": 443
              },
              {
                "cidr_blocks": [
                  "0.0.0.0/0"
                ],
                "description": "Temp HTTP pre-cert",
                "from_port": 8080,
                "ipv6_cidr_blocks": [],
                "prefix_list_ids": [],
                "protocol": "tcp",
                "security_groups": [],
                "self": false,
                "to_port": 8080
              }
            ],
            "name": "winky-sg-alb",
            "name_prefix": "",
            "owner_id": "760831300954",
            "revoke_rules_on_delete": false,
            "tags": {
              "Name": "winky-sg-alb"
            },
            "tags_all": {
              "Environment": "production",
              "ManagedBy": "terraform",
              "Name": "winky-sg-alb",
              "Project": "winky"
            },
            "timeouts": null,
            "vpc_id": "vpc-0421845c922c8b3e8"
          },
          "sensitive_attributes": [],
          "identity_schema_version": 0,
          "private": "eyJlMmJmYjczMC1lY2FhLTExZTYtOGY4OC0zNDM2M2JjN2M0YzAiOnsiY3JlYXRlIjo2MDAwMDAwMDAwMDAsImRlbGV0ZSI6OTAwMDAwMDAwMDAwfSwic2NoZW1hX3ZlcnNpb24iOiIxIn0=",
          "dependencies": [
            "aws_vpc.main"
          ]
        }
      ]
    },
    {
      "mode": "managed",
      "type": "aws_security_group",
      "name": "ecs",
      "provider": "provider[\"registry.terraform.io/hashicorp/aws\"]",
      "instances": [
        {
          "schema_version": 1,
          "attributes": {
            "arn": "arn:aws:ec2:us-east-1:760831300954:security-group/sg-07d143edbe7aac1c6",
            "description": "Allow inbound from ALB only - tasks run in public subnets",
            "egress": [
              {
                "cidr_blocks": [
                  "0.0.0.0/0"
                ],
                "description": "All outbound (MongoDB Atlas, Twilio, S3, etc.)",
                "from_port": 0,
                "ipv6_cidr_blocks": [],
                "prefix_list_ids": [],
                "protocol": "-1",
                "security_groups": [],
                "self": false,
                "to_port": 0
              }
            ],
            "id": "sg-07d143edbe7aac1c6",
            "ingress": [
              {
                "cidr_blocks": [],
                "description": "App port from ALB",
                "from_port": 3000,
                "ipv6_cidr_blocks": [],
                "prefix_list_ids": [],
                "protocol": "tcp",
                "security_groups": [
                  "sg-0bfa14c7b3d757f67"
                ],
                "self": false,
                "to_port": 3000
              }
            ],
            "name": "winky-sg-ecs",
            "name_prefix": "",
            "owner_id": "760831300954",
            "revoke_rules_on_delete": false,
            "tags": {
              "Name": "winky-sg-ecs"
            },
            "tags_all": {
              "Environment": "production",
              "ManagedBy": "terraform",
              "Name": "winky-sg-ecs",
              "Project": "winky"
            },
            "timeouts": null,
            "vpc_id": "vpc-0421845c922c8b3e8"
          },
          "sensitive_attributes": [],
          "identity_schema_version": 0,
          "private": "eyJlMmJmYjczMC1lY2FhLTExZTYtOGY4OC0zNDM2M2JjN2M0YzAiOnsiY3JlYXRlIjo2MDAwMDAwMDAwMDAsImRlbGV0ZSI6OTAwMDAwMDAwMDAwfSwic2NoZW1hX3ZlcnNpb24iOiIxIn0=",
          "dependencies": [
            "aws_security_group.alb",
            "aws_vpc.main"
          ]
        }
      ]
    },
    {
      "mode": "managed",
      "type": "aws_security_group",
      "name": "redis",
      "provider": "provider[\"registry.terraform.io/hashicorp/aws\"]",
      "instances": [
        {
          "schema_version": 1,
          "attributes": {
            "arn": "arn:aws:ec2:us-east-1:760831300954:security-group/sg-0912c80991ce691a1",
            "description": "Allow Redis access from ECS only",
            "egress": [
              {
                "cidr_blocks": [
                  "0.0.0.0/0"
                ],
                "description": "",
                "from_port": 0,
                "ipv6_cidr_blocks": [],
                "prefix_list_ids": [],
                "protocol": "-1",
                "security_groups": [],
                "self": false,
                "to_port": 0
              }
            ],
            "id": "sg-0912c80991ce691a1",
            "ingress": [
              {
                "cidr_blocks": [],
                "description": "Redis from ECS",
                "from_port": 6379,
                "ipv6_cidr_blocks": [],
                "prefix_list_ids": [],
                "protocol": "tcp",
                "security_groups": [
                  "sg-07d143edbe7aac1c6"
                ],
                "self": false,
                "to_port": 6379
              }
            ],
            "name": "winky-sg-redis",
            "name_prefix": "",
            "owner_id": "760831300954",
            "revoke_rules_on_delete": false,
            "tags": {
              "Name": "winky-sg-redis"
            },
            "tags_all": {
              "Environment": "production",
              "ManagedBy": "terraform",
              "Name": "winky-sg-redis",
              "Project": "winky"
            },
            "timeouts": null,
            "vpc_id": "vpc-0421845c922c8b3e8"
          },
          "sensitive_attributes": [],
          "identity_schema_version": 0,
          "private": "eyJlMmJmYjczMC1lY2FhLTExZTYtOGY4OC0zNDM2M2JjN2M0YzAiOnsiY3JlYXRlIjo2MDAwMDAwMDAwMDAsImRlbGV0ZSI6OTAwMDAwMDAwMDAwfSwic2NoZW1hX3ZlcnNpb24iOiIxIn0=",
          "dependencies": [
            "aws_security_group.alb",
            "aws_security_group.ecs",
            "aws_vpc.main"
          ]
        }
      ]
    },
    {
      "mode": "managed",
      "type": "aws_sns_topic",
      "name": "alarms",
      "provider": "provider[\"registry.terraform.io/hashicorp/aws\"]",
      "instances": [
        {
          "schema_version": 0,
          "attributes": {
            "application_failure_feedback_role_arn": "",
            "application_success_feedback_role_arn": "",
            "application_success_feedback_sample_rate": 0,
            "archive_policy": "",
            "arn": "arn:aws:sns:us-east-1:760831300954:winky-alarms",
            "beginning_archive_time": "",
            "content_based_deduplication": false,
            "delivery_policy": "",
            "display_name": "",
            "fifo_throughput_scope": "",
            "fifo_topic": false,
            "firehose_failure_feedback_role_arn": "",
            "firehose_success_feedback_role_arn": "",
            "firehose_success_feedback_sample_rate": 0,
            "http_failure_feedback_role_arn": "",
            "http_success_feedback_role_arn": "",
            "http_success_feedback_sample_rate": 0,
            "id": "arn:aws:sns:us-east-1:760831300954:winky-alarms",
            "kms_master_key_id": "",
            "lambda_failure_feedback_role_arn": "",
            "lambda_success_feedback_role_arn": "",
            "lambda_success_feedback_sample_rate": 0,
            "name": "winky-alarms",
            "name_prefix": "",
            "owner": "760831300954",
            "policy": "{\"Id\":\"__default_policy_ID\",\"Statement\":[{\"Action\":[\"SNS:GetTopicAttributes\",\"SNS:SetTopicAttributes\",\"SNS:AddPermission\",\"SNS:RemovePermission\",\"SNS:DeleteTopic\",\"SNS:Subscribe\",\"SNS:ListSubscriptionsByTopic\",\"SNS:Publish\"],\"Condition\":{\"StringEquals\":{\"AWS:SourceOwner\":\"760831300954\"}},\"Effect\":\"Allow\",\"Principal\":{\"AWS\":\"*\"},\"Resource\":\"arn:aws:sns:us-east-1:760831300954:winky-alarms\",\"Sid\":\"__default_statement_ID\"}],\"Version\":\"2008-10-17\"}",
            "signature_version": 0,
            "sqs_failure_feedback_role_arn": "",
            "sqs_success_feedback_role_arn": "",
            "sqs_success_feedback_sample_rate": 0,
            "tags": {
              "Name": "winky-alarms"
            },
            "tags_all": {
              "Environment": "production",
              "ManagedBy": "terraform",
              "Name": "winky-alarms",
              "Project": "winky"
            },
            "tracing_config": ""
          },
          "sensitive_attributes": [],
          "identity_schema_version": 0,
          "private": "bnVsbA=="
        }
      ]
    },
    {
      "mode": "managed",
      "type": "aws_subnet",
      "name": "private",
      "provider": "provider[\"registry.terraform.io/hashicorp/aws\"]",
      "instances": [
        {
          "index_key": 0,
          "schema_version": 1,
          "attributes": {
            "arn": "arn:aws:ec2:us-east-1:760831300954:subnet/subnet-06b20f5ee10b1badf",
            "assign_ipv6_address_on_creation": false,
            "availability_zone": "us-east-1a",
            "availability_zone_id": "use1-az1",
            "cidr_block": "10.0.11.0/24",
            "customer_owned_ipv4_pool": "",
            "enable_dns64": false,
            "enable_lni_at_device_index": 0,
            "enable_resource_name_dns_a_record_on_launch": false,
            "enable_resource_name_dns_aaaa_record_on_launch": false,
            "id": "subnet-06b20f5ee10b1badf",
            "ipv6_cidr_block": "",
            "ipv6_cidr_block_association_id": "",
            "ipv6_native": false,
            "map_customer_owned_ip_on_launch": false,
            "map_public_ip_on_launch": false,
            "outpost_arn": "",
            "owner_id": "760831300954",
            "private_dns_hostname_type_on_launch": "ip-name",
            "tags": {
              "Name": "winky-private-us-east-1a"
            },
            "tags_all": {
              "Environment": "production",
              "ManagedBy": "terraform",
              "Name": "winky-private-us-east-1a",
              "Project": "winky"
            },
            "timeouts": null,
            "vpc_id": "vpc-0421845c922c8b3e8"
          },
          "sensitive_attributes": [],
          "identity_schema_version": 0,
          "private": "eyJlMmJmYjczMC1lY2FhLTExZTYtOGY4OC0zNDM2M2JjN2M0YzAiOnsiY3JlYXRlIjo2MDAwMDAwMDAwMDAsImRlbGV0ZSI6MTIwMDAwMDAwMDAwMH0sInNjaGVtYV92ZXJzaW9uIjoiMSJ9",
          "dependencies": [
            "aws_vpc.main"
          ]
        },
        {
          "index_key": 1,
          "schema_version": 1,
          "attributes": {
            "arn": "arn:aws:ec2:us-east-1:760831300954:subnet/subnet-07ac7879f5c1029e1",
            "assign_ipv6_address_on_creation": false,
            "availability_zone": "us-east-1b",
            "availability_zone_id": "use1-az2",
            "cidr_block": "10.0.12.0/24",
            "customer_owned_ipv4_pool": "",
            "enable_dns64": false,
            "enable_lni_at_device_index": 0,
            "enable_resource_name_dns_a_record_on_launch": false,
            "enable_resource_name_dns_aaaa_record_on_launch": false,
            "id": "subnet-07ac7879f5c1029e1",
            "ipv6_cidr_block": "",
            "ipv6_cidr_block_association_id": "",
            "ipv6_native": false,
            "map_customer_owned_ip_on_launch": false,
            "map_public_ip_on_launch": false,
            "outpost_arn": "",
            "owner_id": "760831300954",
            "private_dns_hostname_type_on_launch": "ip-name",
            "tags": {
              "Name": "winky-private-us-east-1b"
            },
            "tags_all": {
              "Environment": "production",
              "ManagedBy": "terraform",
              "Name": "winky-private-us-east-1b",
              "Project": "winky"
            },
            "timeouts": null,
            "vpc_id": "vpc-0421845c922c8b3e8"
          },
          "sensitive_attributes": [],
          "identity_schema_version": 0,
          "private": "eyJlMmJmYjczMC1lY2FhLTExZTYtOGY4OC0zNDM2M2JjN2M0YzAiOnsiY3JlYXRlIjo2MDAwMDAwMDAwMDAsImRlbGV0ZSI6MTIwMDAwMDAwMDAwMH0sInNjaGVtYV92ZXJzaW9uIjoiMSJ9",
          "dependencies": [
            "aws_vpc.main"
          ]
        }
      ]
    },
    {
      "mode": "managed",
      "type": "aws_subnet",
      "name": "public",
      "provider": "provider[\"registry.terraform.io/hashicorp/aws\"]",
      "instances": [
        {
          "index_key": 0,
          "schema_version": 1,
          "attributes": {
            "arn": "arn:aws:ec2:us-east-1:760831300954:subnet/subnet-03b3d8f67dcb7798a",
            "assign_ipv6_address_on_creation": false,
            "availability_zone": "us-east-1a",
            "availability_zone_id": "use1-az1",
            "cidr_block": "10.0.1.0/24",
            "customer_owned_ipv4_pool": "",
            "enable_dns64": false,
            "enable_lni_at_device_index": 0,
            "enable_resource_name_dns_a_record_on_launch": false,
            "enable_resource_name_dns_aaaa_record_on_launch": false,
            "id": "subnet-03b3d8f67dcb7798a",
            "ipv6_cidr_block": "",
            "ipv6_cidr_block_association_id": "",
            "ipv6_native": false,
            "map_customer_owned_ip_on_launch": false,
            "map_public_ip_on_launch": true,
            "outpost_arn": "",
            "owner_id": "760831300954",
            "private_dns_hostname_type_on_launch": "ip-name",
            "tags": {
              "Name": "winky-public-us-east-1a"
            },
            "tags_all": {
              "Environment": "production",
              "ManagedBy": "terraform",
              "Name": "winky-public-us-east-1a",
              "Project": "winky"
            },
            "timeouts": null,
            "vpc_id": "vpc-0421845c922c8b3e8"
          },
          "sensitive_attributes": [],
          "identity_schema_version": 0,
          "private": "eyJlMmJmYjczMC1lY2FhLTExZTYtOGY4OC0zNDM2M2JjN2M0YzAiOnsiY3JlYXRlIjo2MDAwMDAwMDAwMDAsImRlbGV0ZSI6MTIwMDAwMDAwMDAwMH0sInNjaGVtYV92ZXJzaW9uIjoiMSJ9",
          "dependencies": [
            "aws_vpc.main"
          ]
        },
        {
          "index_key": 1,
          "schema_version": 1,
          "attributes": {
            "arn": "arn:aws:ec2:us-east-1:760831300954:subnet/subnet-0df7bcd3db1023e62",
            "assign_ipv6_address_on_creation": false,
            "availability_zone": "us-east-1b",
            "availability_zone_id": "use1-az2",
            "cidr_block": "10.0.2.0/24",
            "customer_owned_ipv4_pool": "",
            "enable_dns64": false,
            "enable_lni_at_device_index": 0,
            "enable_resource_name_dns_a_record_on_launch": false,
            "enable_resource_name_dns_aaaa_record_on_launch": false,
            "id": "subnet-0df7bcd3db1023e62",
            "ipv6_cidr_block": "",
            "ipv6_cidr_block_association_id": "",
            "ipv6_native": false,
            "map_customer_owned_ip_on_launch": false,
            "map_public_ip_on_launch": true,
            "outpost_arn": "",
            "owner_id": "760831300954",
            "private_dns_hostname_type_on_launch": "ip-name",
            "tags": {
              "Name": "winky-public-us-east-1b"
            },
            "tags_all": {
              "Environment": "production",
              "ManagedBy": "terraform",
              "Name": "winky-public-us-east-1b",
              "Project": "winky"
            },
            "timeouts": null,
            "vpc_id": "vpc-0421845c922c8b3e8"
          },
          "sensitive_attributes": [],
          "identity_schema_version": 0,
          "private": "eyJlMmJmYjczMC1lY2FhLTExZTYtOGY4OC0zNDM2M2JjN2M0YzAiOnsiY3JlYXRlIjo2MDAwMDAwMDAwMDAsImRlbGV0ZSI6MTIwMDAwMDAwMDAwMH0sInNjaGVtYV92ZXJzaW9uIjoiMSJ9",
          "dependencies": [
            "aws_vpc.main"
          ]
        }
      ]
    },
    {
      "mode": "managed",
      "type": "aws_vpc",
      "name": "main",
      "provider": "provider[\"registry.terraform.io/hashicorp/aws\"]",
      "instances": [
        {
          "schema_version": 1,
          "attributes": {
            "arn": "arn:aws:ec2:us-east-1:760831300954:vpc/vpc-0421845c922c8b3e8",
            "assign_generated_ipv6_cidr_block": false,
            "cidr_block": "10.0.0.0/16",
            "default_network_acl_id": "acl-01117f61d6c91261b",
            "default_route_table_id": "rtb-0a618bbc5e90087d1",
            "default_security_group_id": "sg-0336c962dc47a8c4e",
            "dhcp_options_id": "dopt-8291c3f9",
            "enable_dns_hostnames": true,
            "enable_dns_support": true,
            "enable_network_address_usage_metrics": false,
            "id": "vpc-0421845c922c8b3e8",
            "instance_tenancy": "default",
            "ipv4_ipam_pool_id": null,
            "ipv4_netmask_length": null,
            "ipv6_association_id": "",
            "ipv6_cidr_block": "",
            "ipv6_cidr_block_network_border_group": "",
            "ipv6_ipam_pool_id": "",
            "ipv6_netmask_length": 0,
            "main_route_table_id": "rtb-0a618bbc5e90087d1",
            "owner_id": "760831300954",
            "tags": {
              "Name": "winky-vpc"
            },
            "tags_all": {
              "Environment": "production",
              "ManagedBy": "terraform",
              "Name": "winky-vpc",
              "Project": "winky"
            }
          },
          "sensitive_attributes": [],
          "identity_schema_version": 0,
          "private": "eyJzY2hlbWFfdmVyc2lvbiI6IjEifQ=="
        }
      ]
    },
    {
      "mode": "managed",
      "type": "aws_wafv2_web_acl",
      "name": "main",
      "provider": "provider[\"registry.terraform.io/hashicorp/aws\"]",
      "instances": [
        {
          "schema_version": 0,
          "attributes": {
            "application_integration_url": "",
            "arn": "arn:aws:wafv2:us-east-1:760831300954:regional/webacl/winky-waf/01aa19f2-941d-4071-92b5-e9a5198a9e6c",
            "association_config": [],
            "capacity": 902,
            "captcha_config": [],
            "challenge_config": [],
            "custom_response_body": [],
            "data_protection_config": [],
            "default_action": [
              {
                "allow": [
                  {
                    "custom_request_handling": []
                  }
                ],
                "block": []
              }
            ],
            "description": "WAF for winky ALB",
            "id": "01aa19f2-941d-4071-92b5-e9a5198a9e6c",
            "lock_token": "a3f8f4d1-f828-41b7-80a5-ac0c8c79aa2d",
            "name": "winky-waf",
            "name_prefix": "",
            "rule": [
              {
                "action": [
                  {
                    "allow": [
                      {
                        "custom_request_handling": []
                      }
                    ],
                    "block": [],
                    "captcha": [],
                    "challenge": [],
                    "count": []
                  }
                ],
                "captcha_config": [],
                "challenge_config": [],
                "name": "AllowGenericNewToken",
                "override_action": [],
                "priority": 0,
                "rule_label": [],
                "statement": [
                  {
                    "and_statement": [],
                    "asn_match_statement": [],
                    "byte_match_statement": [
                      {
                        "field_to_match": [
                          {
                            "all_query_arguments": [],
                            "body": [],
                            "cookies": [],
                            "header_order": [],
                            "headers": [],
                            "ja3_fingerprint": [],
                            "ja4_fingerprint": [],
                            "json_body": [],
                            "method": [],
                            "query_string": [],
                            "single_header": [],
                            "single_query_argument": [],
                            "uri_fragment": [],
                            "uri_path": [
                              {}
                            ]
                          }
                        ],
                        "positional_constraint": "STARTS_WITH",
                        "search_string": "/api/generic/newToken",
                        "text_transformation": [
                          {
                            "priority": 0,
                            "type": "NONE"
                          }
                        ]
                      }
                    ],
                    "geo_match_statement": [],
                    "ip_set_reference_statement": [],
                    "label_match_statement": [],
                    "managed_rule_group_statement": [],
                    "not_statement": [],
                    "or_statement": [],
                    "rate_based_statement": [],
                    "regex_match_statement": [],
                    "regex_pattern_set_reference_statement": [],
                    "rule_group_reference_statement": [],
                    "size_constraint_statement": [],
                    "sqli_match_statement": [],
                    "xss_match_statement": []
                  }
                ],
                "visibility_config": [
                  {
                    "cloudwatch_metrics_enabled": true,
                    "metric_name": "AllowGenericNewToken",
                    "sampled_requests_enabled": true
                  }
                ]
              },
              {
                "action": [],
                "captcha_config": [],
                "challenge_config": [],
                "name": "AWSManagedRulesCommonRuleSet",
                "override_action": [
                  {
                    "count": [],
                    "none": [
                      {}
                    ]
                  }
                ],
                "priority": 10,
                "rule_label": [],
                "statement": [
                  {
                    "and_statement": [],
                    "asn_match_statement": [],
                    "byte_match_statement": [],
                    "geo_match_statement": [],
                    "ip_set_reference_statement": [],
                    "label_match_statement": [],
                    "managed_rule_group_statement": [
                      {
                        "managed_rule_group_configs": [],
                        "name": "AWSManagedRulesCommonRuleSet",
                        "rule_action_override": [],
                        "scope_down_statement": [],
                        "vendor_name": "AWS",
                        "version": ""
                      }
                    ],
                    "not_statement": [],
                    "or_statement": [],
                    "rate_based_statement": [],
                    "regex_match_statement": [],
                    "regex_pattern_set_reference_statement": [],
                    "rule_group_reference_statement": [],
                    "size_constraint_statement": [],
                    "sqli_match_statement": [],
                    "xss_match_statement": []
                  }
                ],
                "visibility_config": [
                  {
                    "cloudwatch_metrics_enabled": true,
                    "metric_name": "AWSManagedRulesCommonRuleSet",
                    "sampled_requests_enabled": true
                  }
                ]
              },
              {
                "action": [],
                "captcha_config": [],
                "challenge_config": [],
                "name": "AWSManagedRulesKnownBadInputsRuleSet",
                "override_action": [
                  {
                    "count": [],
                    "none": [
                      {}
                    ]
                  }
                ],
                "priority": 20,
                "rule_label": [],
                "statement": [
                  {
                    "and_statement": [],
                    "asn_match_statement": [],
                    "byte_match_statement": [],
                    "geo_match_statement": [],
                    "ip_set_reference_statement": [],
                    "label_match_statement": [],
                    "managed_rule_group_statement": [
                      {
                        "managed_rule_group_configs": [],
                        "name": "AWSManagedRulesKnownBadInputsRuleSet",
                        "rule_action_override": [],
                        "scope_down_statement": [],
                        "vendor_name": "AWS",
                        "version": ""
                      }
                    ],
                    "not_statement": [],
                    "or_statement": [],
                    "rate_based_statement": [],
                    "regex_match_statement": [],
                    "regex_pattern_set_reference_statement": [],
                    "rule_group_reference_statement": [],
                    "size_constraint_statement": [],
                    "sqli_match_statement": [],
                    "xss_match_statement": []
                  }
                ],
                "visibility_config": [
                  {
                    "cloudwatch_metrics_enabled": true,
                    "metric_name": "AWSManagedRulesKnownBadInputsRuleSet",
                    "sampled_requests_enabled": true
                  }
                ]
              }
            ],
            "rule_json": null,
            "scope": "REGIONAL",
            "tags": {
              "Name": "winky-waf"
            },
            "tags_all": {
              "Environment": "production",
              "ManagedBy": "terraform",
              "Name": "winky-waf",
              "Project": "winky"
            },
            "token_domains": [],
            "visibility_config": [
              {
                "cloudwatch_metrics_enabled": true,
                "metric_name": "winky-waf",
                "sampled_requests_enabled": true
              }
            ]
          },
          "sensitive_attributes": [],
          "identity_schema_version": 0,
          "private": "bnVsbA=="
        }
      ]
    },
    {
      "mode": "managed",
      "type": "aws_wafv2_web_acl_association",
      "name": "alb",
      "provider": "provider[\"registry.terraform.io/hashicorp/aws\"]",
      "instances": [
        {
          "schema_version": 0,
          "attributes": {
            "id": "arn:aws:wafv2:us-east-1:760831300954:regional/webacl/winky-waf/01aa19f2-941d-4071-92b5-e9a5198a9e6c,arn:aws:elasticloadbalancing:us-east-1:760831300954:loadbalancer/app/winky-alb/4adf5eb1d39bee64",
            "resource_arn": "arn:aws:elasticloadbalancing:us-east-1:760831300954:loadbalancer/app/winky-alb/4adf5eb1d39bee64",
            "timeouts": null,
            "web_acl_arn": "arn:aws:wafv2:us-east-1:760831300954:regional/webacl/winky-waf/01aa19f2-941d-4071-92b5-e9a5198a9e6c"
          },
          "sensitive_attributes": [],
          "identity_schema_version": 0,
          "private": "eyJlMmJmYjczMC1lY2FhLTExZTYtOGY4OC0zNDM2M2JjN2M0YzAiOnsiY3JlYXRlIjo2MDAwMDAwMDAwMDB9fQ==",
          "dependencies": [
            "aws_lb.main",
            "aws_security_group.alb",
            "aws_subnet.public",
            "aws_vpc.main",
            "aws_wafv2_web_acl.main"
          ]
        }
      ]
    }
  ],
  "check_results": null
}
